
Microsoft Visual Studio Solution File, Format Version 12.00
# Visual Studio Version 17
VisualStudioVersion = 17.0.31903.59
MinimumVisualStudioVersion = 10.0.40219.1
Project("{2150E333-8FDC-42A3-9474-1A3956D46DE8}") = "src", "src", "{827E0CD3-B72D-47B6-A68D-7590B98EB39B}"
EndProject
Project("{2150E333-8FDC-42A3-9474-1A3956D46DE8}") = "SharedKernel", "SharedKernel", "{85F909CB-8F14-ECC8-BA9D-713D1771907F}"
EndProject
Project("{FAE04EC0-301F-11D3-BF4B-00C04F79EFBC}") = "RegionHR.SharedKernel", "src\SharedKernel\RegionHR.SharedKernel.csproj", "{C65D9DF8-9F1C-4BAB-A2E4-4B5D6F7DAAA6}"
EndProject
Project("{FAE04EC0-301F-11D3-BF4B-00C04F79EFBC}") = "RegionHR.Core", "src\Modules\Core\RegionHR.Core.csproj", "{62376D04-D714-4ECC-A884-7CD97F04C880}"
EndProject
Project("{FAE04EC0-301F-11D3-BF4B-00C04F79EFBC}") = "RegionHR.Payroll", "src\Modules\Payroll\RegionHR.Payroll.csproj", "{5C1A11F8-07D5-4060-87F7-839EB01DC197}"
EndProject
Project("{FAE04EC0-301F-11D3-BF4B-00C04F79EFBC}") = "RegionHR.Scheduling", "src\Modules\Scheduling\RegionHR.Scheduling.csproj", "{D94A8BF4-0A70-4352-9DA8-DA0ADF318845}"
EndProject
Project("{FAE04EC0-301F-11D3-BF4B-00C04F79EFBC}") = "RegionHR.SelfService", "src\Modules\SelfService\RegionHR.SelfService.csproj", "{8904F97D-D172-4F8D-A516-6CD65AD0FDF1}"
EndProject
Project("{FAE04EC0-301F-11D3-BF4B-00C04F79EFBC}") = "RegionHR.CaseManagement", "src\Modules\CaseManagement\RegionHR.CaseManagement.csproj", "{615E5FEF-8FA1-4DB6-8FB7-947FD32A7BDD}"
EndProject
Project("{FAE04EC0-301F-11D3-BF4B-00C04F79EFBC}") = "RegionHR.LAS", "src\Modules\LAS\RegionHR.LAS.csproj", "{83EC68D6-BEB4-4E21-A62F-5F3F168AE71F}"
EndProject
Project("{FAE04EC0-301F-11D3-BF4B-00C04F79EFBC}") = "RegionHR.HalsoSAM", "src\Modules\HalsoSAM\RegionHR.HalsoSAM.csproj", "{9078AD05-41D8-402F-9AD0-2D8513E95F6C}"
EndProject
Project("{FAE04EC0-301F-11D3-BF4B-00C04F79EFBC}") = "RegionHR.SalaryReview", "src\Modules\SalaryReview\RegionHR.SalaryReview.csproj", "{E9A63E8C-7DBD-4B55-8CCE-08900D6BCD1B}"
EndProject
Project("{FAE04EC0-301F-11D3-BF4B-00C04F79EFBC}") = "RegionHR.Travel", "src\Modules\Travel\RegionHR.Travel.csproj", "{C23BAE68-C412-4C52-8F85-D275DBBEE19A}"
EndProject
Project("{FAE04EC0-301F-11D3-BF4B-00C04F79EFBC}") = "RegionHR.Recruitment", "src\Modules\Recruitment\RegionHR.Recruitment.csproj", "{C6F6FE0E-50BD-4E79-8029-58991C086669}"
EndProject
Project("{FAE04EC0-301F-11D3-BF4B-00C04F79EFBC}") = "RegionHR.IntegrationHub", "src\Modules\IntegrationHub\RegionHR.IntegrationHub.csproj", "{E918206A-9C86-407F-81BC-5DD3EFAE3F0E}"
EndProject
Project("{FAE04EC0-301F-11D3-BF4B-00C04F79EFBC}") = "RegionHR.Api", "src\Api\RegionHR.Api.csproj", "{1E8EBA6A-BAED-449E-96BC-F3B3C3A1A66E}"
EndProject
Project("{FAE04EC0-301F-11D3-BF4B-00C04F79EFBC}") = "RegionHR.SharedKernel.Tests", "tests\SharedKernel.Tests\RegionHR.SharedKernel.Tests.csproj", "{C25F42C6-0665-4A08-8D59-33A90E0E32D5}"
EndProject
Project("{FAE04EC0-301F-11D3-BF4B-00C04F79EFBC}") = "RegionHR.Payroll.Tests", "tests\Payroll.Tests\RegionHR.Payroll.Tests.csproj", "{2F9CAEC5-0A76-45F4-B4A8-B9A0A62E504A}"
EndProject
Project("{FAE04EC0-301F-11D3-BF4B-00C04F79EFBC}") = "RegionHR.Core.Tests", "tests\Core.Tests\RegionHR.Core.Tests.csproj", "{17B73029-E57F-4ED5-9580-7642BC097ADF}"
EndProject
Project("{FAE04EC0-301F-11D3-BF4B-00C04F79EFBC}") = "RegionHR.LAS.Tests", "tests\LAS.Tests\RegionHR.LAS.Tests.csproj", "{C91B8DCC-29F8-4F0A-85EB-1C72F3AB009A}"
EndProject
Project("{FAE04EC0-301F-11D3-BF4B-00C04F79EFBC}") = "RegionHR.Scheduling.Tests", "tests\Scheduling.Tests\RegionHR.Scheduling.Tests.csproj", "{0633C142-965C-4145-873E-41525F500A20}"
EndProject
Project("{2150E333-8FDC-42A3-9474-1A3956D46DE8}") = "Infrastructure", "Infrastructure", "{9048EB7F-3875-A59E-E36B-5BD4C6F2A282}"
EndProject
Project("{FAE04EC0-301F-11D3-BF4B-00C04F79EFBC}") = "RegionHR.Infrastructure", "src\Infrastructure\RegionHR.Infrastructure.csproj", "{2237C64B-89F1-476B-BD0A-CDE9A0F0F44E}"
EndProject
Project("{FAE04EC0-301F-11D3-BF4B-00C04F79EFBC}") = "RegionHR.DesignSystem", "src\DesignSystem\RegionHR.DesignSystem.csproj", "{7B26ED27-CA14-410F-8611-AF9DABE0F8D4}"
EndProject
Project("{2150E333-8FDC-42A3-9474-1A3956D46DE8}") = "Web", "Web", "{03997797-E7F5-0643-168D-B8EA7178C2FE}"
EndProject
Project("{FAE04EC0-301F-11D3-BF4B-00C04F79EFBC}") = "RegionHR.Web", "src\Web\RegionHR.Web.csproj", "{19F7ED06-01B4-4D1E-BC41-11885D38D692}"
EndProject
Project("{2150E333-8FDC-42A3-9474-1A3956D46DE8}") = "tests", "tests", "{0AB3BF05-4346-4AA6-1389-037BE0695223}"
EndProject
Project("{2150E333-8FDC-42A3-9474-1A3956D46DE8}") = "HalsoSAM.Tests", "HalsoSAM.Tests", "{BE533976-3B3E-30FB-E08A-1FCDFBBA3746}"
EndProject
Project("{FAE04EC0-301F-11D3-BF4B-00C04F79EFBC}") = "RegionHR.HalsoSAM.Tests", "tests\HalsoSAM.Tests\RegionHR.HalsoSAM.Tests.csproj", "{5A1DAC7C-9BFC-40F9-8926-6E126E00EFDD}"
EndProject
Project("{2150E333-8FDC-42A3-9474-1A3956D46DE8}") = "SalaryReview.Tests", "SalaryReview.Tests", "{506E702C-3B91-DA71-832B-74A6F301D456}"
EndProject
Project("{FAE04EC0-301F-11D3-BF4B-00C04F79EFBC}") = "RegionHR.SalaryReview.Tests", "tests\SalaryReview.Tests\RegionHR.SalaryReview.Tests.csproj", "{CF2200E7-0DA9-4121-8C01-148AF27DC1A2}"
EndProject
Project("{2150E333-8FDC-42A3-9474-1A3956D46DE8}") = "Travel.Tests", "Travel.Tests", "{3DC0DA02-69B2-8164-029F-3A1815E565B3}"
EndProject
Project("{FAE04EC0-301F-11D3-BF4B-00C04F79EFBC}") = "RegionHR.Travel.Tests", "tests\Travel.Tests\RegionHR.Travel.Tests.csproj", "{7D8E8579-2F8A-4B2C-8C9E-3233ACBBE3D2}"
EndProject
Project("{2150E333-8FDC-42A3-9474-1A3956D46DE8}") = "Recruitment.Tests", "Recruitment.Tests", "{7419C5C4-2811-D8C0-4126-EEE8462D12B2}"
EndProject
Project("{FAE04EC0-301F-11D3-BF4B-00C04F79EFBC}") = "RegionHR.Recruitment.Tests", "tests\Recruitment.Tests\RegionHR.Recruitment.Tests.csproj", "{394282CB-EE48-4055-B4FF-B8803323B0DB}"
EndProject
Project("{2150E333-8FDC-42A3-9474-1A3956D46DE8}") = "IntegrationHub.Tests", "IntegrationHub.Tests", "{C15419C5-FEE8-CD14-30BC-7090A86CE814}"
EndProject
Project("{FAE04EC0-301F-11D3-BF4B-00C04F79EFBC}") = "RegionHR.IntegrationHub.Tests", "tests\IntegrationHub.Tests\RegionHR.IntegrationHub.Tests.csproj", "{7EADF3DD-5B2A-44CE-B0F9-7C07BD562E8D}"
EndProject
Project("{2150E333-8FDC-42A3-9474-1A3956D46DE8}") = "Modules", "Modules", "{EC447DCF-ABFA-6E24-52A5-D7FD48A5C558}"
EndProject
Project("{2150E333-8FDC-42A3-9474-1A3956D46DE8}") = "Audit", "Audit", "{B7504168-2F66-9EF4-E8D7-36B98062A6F8}"
EndProject
Project("{FAE04EC0-301F-11D3-BF4B-00C04F79EFBC}") = "RegionHR.Audit", "src\Modules\Audit\RegionHR.Audit.csproj", "{640374FC-A4C2-4C6D-8188-41677E754B71}"
EndProject
Project("{FAE04EC0-301F-11D3-BF4B-00C04F79EFBC}") = "RegionHR.Notifications", "src\Modules\Notifications\RegionHR.Notifications.csproj", "{A6575091-38DE-4867-9601-8FCEE1865257}"
EndProject
Project("{FAE04EC0-301F-11D3-BF4B-00C04F79EFBC}") = "RegionHR.Leave", "src\Modules\Leave\RegionHR.Leave.csproj", "{204BA5C8-9CCF-48BA-98AC-CB570D34777D}"
EndProject
Project("{FAE04EC0-301F-11D3-BF4B-00C04F79EFBC}") = "RegionHR.Documents", "src\Modules\Documents\RegionHR.Documents.csproj", "{32D724D0-4385-4CCA-BA22-7A46869358B6}"
EndProject
Project("{FAE04EC0-301F-11D3-BF4B-00C04F79EFBC}") = "RegionHR.Performance", "src\Modules\Performance\RegionHR.Performance.csproj", "{7076A965-1E04-451C-9AE9-8EE1BC2AA321}"
EndProject
Project("{FAE04EC0-301F-11D3-BF4B-00C04F79EFBC}") = "RegionHR.Reporting", "src\Modules\Reporting\RegionHR.Reporting.csproj", "{BB5B7E7F-7B45-4B3F-8609-1C92334C32E9}"
EndProject
Project("{FAE04EC0-301F-11D3-BF4B-00C04F79EFBC}") = "RegionHR.GDPR", "src\Modules\GDPR\RegionHR.GDPR.csproj", "{92D135B3-D744-434D-AAFF-C99E98730CFC}"
EndProject
Project("{FAE04EC0-301F-11D3-BF4B-00C04F79EFBC}") = "RegionHR.Competence", "src\Modules\Competence\RegionHR.Competence.csproj", "{ADD954B1-CBC2-4460-964A-45A4D3FC382F}"
EndProject
Project("{2150E333-8FDC-42A3-9474-1A3956D46DE8}") = "Audit.Tests", "Audit.Tests", "{9D33B82A-A1A6-7C53-70B4-5561525205A3}"
EndProject
Project("{FAE04EC0-301F-11D3-BF4B-00C04F79EFBC}") = "RegionHR.Audit.Tests", "tests\Audit.Tests\RegionHR.Audit.Tests.csproj", "{AE71B05D-107E-4CCA-918C-BC3CB8F0C483}"
EndProject
Project("{FAE04EC0-301F-11D3-BF4B-00C04F79EFBC}") = "RegionHR.Notifications.Tests", "tests\Notifications.Tests\RegionHR.Notifications.Tests.csproj", "{72978A5A-E7E6-4A06-912F-D61CD5ED0DEA}"
EndProject
Project("{FAE04EC0-301F-11D3-BF4B-00C04F79EFBC}") = "RegionHR.Leave.Tests", "tests\Leave.Tests\RegionHR.Leave.Tests.csproj", "{76C8D7FC-EC48-448D-94A7-DE383469A9C3}"
EndProject
Project("{FAE04EC0-301F-11D3-BF4B-00C04F79EFBC}") = "RegionHR.Documents.Tests", "tests\Documents.Tests\RegionHR.Documents.Tests.csproj", "{3FF9864D-3D39-4519-A8C8-79134976638E}"
EndProject
Project("{FAE04EC0-301F-11D3-BF4B-00C04F79EFBC}") = "RegionHR.Performance.Tests", "tests\Performance.Tests\RegionHR.Performance.Tests.csproj", "{74594BD4-0999-4486-ACB6-D9BEAC93CA04}"
EndProject
Project("{FAE04EC0-301F-11D3-BF4B-00C04F79EFBC}") = "RegionHR.Reporting.Tests", "tests\Reporting.Tests\RegionHR.Reporting.Tests.csproj", "{5894CC66-9CE5-4491-A08A-29B530F3A164}"
EndProject
Project("{FAE04EC0-301F-11D3-BF4B-00C04F79EFBC}") = "RegionHR.GDPR.Tests", "tests\GDPR.Tests\RegionHR.GDPR.Tests.csproj", "{14F26A1F-89D6-47EE-B06F-0873DA2C88A3}"
EndProject
Project("{FAE04EC0-301F-11D3-BF4B-00C04F79EFBC}") = "RegionHR.Competence.Tests", "tests\Competence.Tests\RegionHR.Competence.Tests.csproj", "{E7C7FA67-AF02-4F19-A533-C7CD1F68910A}"
EndProject
Project("{FAE04EC0-301F-11D3-BF4B-00C04F79EFBC}") = "RegionHR.CaseManagement.Tests", "tests\CaseManagement.Tests\RegionHR.CaseManagement.Tests.csproj", "{34E8D2CA-E5D3-4D84-B2B8-D168C445C3A6}"
EndProject
Project("{2150E333-8FDC-42A3-9474-1A3956D46DE8}") = "Benefits", "Benefits", "{76F2DB29-A675-758C-7077-8D951E080202}"
EndProject
Project("{FAE04EC0-301F-11D3-BF4B-00C04F79EFBC}") = "RegionHR.Benefits", "src\Modules\Benefits\RegionHR.Benefits.csproj", "{05EA3EB8-721C-4169-BC7E-4998DAFA1719}"
EndProject
Project("{2150E333-8FDC-42A3-9474-1A3956D46DE8}") = "LMS", "LMS", "{43865B9C-8080-9971-C9EB-07D21EB590C9}"
EndProject
Project("{FAE04EC0-301F-11D3-BF4B-00C04F79EFBC}") = "RegionHR.LMS", "src\Modules\LMS\RegionHR.LMS.csproj", "{00747CA9-B6F1-4CBB-880A-93AA02547EF7}"
EndProject
Project("{2150E333-8FDC-42A3-9474-1A3956D46DE8}") = "Positions", "Positions", "{021AED0E-C5A6-A7D3-EF95-02C414790136}"
EndProject
Project("{FAE04EC0-301F-11D3-BF4B-00C04F79EFBC}") = "RegionHR.Positions", "src\Modules\Positions\RegionHR.Positions.csproj", "{F54452DD-2AA5-49DF-85E2-D48337BD9178}"
EndProject
Project("{FAE04EC0-301F-11D3-BF4B-00C04F79EFBC}") = "RegionHR.Offboarding", "src\Modules\Offboarding\RegionHR.Offboarding.csproj", "{089E9A97-87A7-4098-9274-FF14F3B84920}"
EndProject
Project("{FAE04EC0-301F-11D3-BF4B-00C04F79EFBC}") = "RegionHR.Positions.Tests", "tests\Positions.Tests\RegionHR.Positions.Tests.csproj", "{60A10B40-B57A-41DF-9A4E-8CB1C4DBFD77}"
EndProject
Project("{FAE04EC0-301F-11D3-BF4B-00C04F79EFBC}") = "RegionHR.Offboarding.Tests", "tests\Offboarding.Tests\RegionHR.Offboarding.Tests.csproj", "{8935884F-C087-4938-A3FD-CF5D61176835}"
EndProject
Project("{2150E333-8FDC-42A3-9474-1A3956D46DE8}") = "Benefits.Tests", "Benefits.Tests", "{1F4A18E9-C4CD-487F-5327-8B75E2178E6B}"
EndProject
Project("{FAE04EC0-301F-11D3-BF4B-00C04F79EFBC}") = "RegionHR.Benefits.Tests", "tests\Benefits.Tests\RegionHR.Benefits.Tests.csproj", "{7C27C396-2F0F-481F-A7C9-1A7813EE706B}"
EndProject
Project("{2150E333-8FDC-42A3-9474-1A3956D46DE8}") = "LMS.Tests", "LMS.Tests", "{B03C1DE7-AA57-965B-7EFA-1002DDF7A89A}"
EndProject
Project("{FAE04EC0-301F-11D3-BF4B-00C04F79EFBC}") = "RegionHR.LMS.Tests", "tests\LMS.Tests\RegionHR.LMS.Tests.csproj", "{479DEA37-3DEE-4016-82BE-4212FB186E13}"
EndProject
Project("{2150E333-8FDC-42A3-9474-1A3956D46DE8}") = "Configuration", "Configuration", "{AD543401-B4A7-AC95-DA94-6718F3C81BEB}"
EndProject
Project("{FAE04EC0-301F-11D3-BF4B-00C04F79EFBC}") = "RegionHR.Configuration", "src\Modules\Configuration\RegionHR.Configuration.csproj", "{DDE82F87-AF93-4FC5-975B-74B92AFBA3B9}"
EndProject
Project("{2150E333-8FDC-42A3-9474-1A3956D46DE8}") = "Analytics", "Analytics", "{DA0A0FAD-B77D-FDD6-35C5-001386650F99}"
EndProject
Project("{FAE04EC0-301F-11D3-BF4B-00C04F79EFBC}") = "RegionHR.Analytics", "src\Modules\Analytics\RegionHR.Analytics.csproj", "{6727B2DE-8426-43D5-A804-292B6D335CA9}"
EndProject
Project("{2150E333-8FDC-42A3-9474-1A3956D46DE8}") = "Configuration.Tests", "Configuration.Tests", "{EC050FC7-FDAE-998C-CA61-EDD52E017736}"
EndProject
Project("{FAE04EC0-301F-11D3-BF4B-00C04F79EFBC}") = "RegionHR.Configuration.Tests", "tests\Configuration.Tests\RegionHR.Configuration.Tests.csproj", "{D1C7B63D-4E62-4360-8CE3-B20F478EC286}"
EndProject
Project("{2150E333-8FDC-42A3-9474-1A3956D46DE8}") = "Analytics.Tests", "Analytics.Tests", "{1E7EF36F-5BD6-FF32-373A-2121E3A25458}"
EndProject
Project("{FAE04EC0-301F-11D3-BF4B-00C04F79EFBC}") = "RegionHR.Analytics.Tests", "tests\Analytics.Tests\RegionHR.Analytics.Tests.csproj", "{8EF26F27-0C1E-4CBA-9322-881B5C90B919}"
EndProject
Project("{2150E333-8FDC-42A3-9474-1A3956D46DE8}") = "Web.Tests", "Web.Tests", "{15F57BD7-2FA5-C976-7793-6C7FD7B57FDA}"
EndProject
Project("{FAE04EC0-301F-11D3-BF4B-00C04F79EFBC}") = "RegionHR.Web.Tests", "tests\Web.Tests\RegionHR.Web.Tests.csproj", "{D3769B34-E22F-4829-9D98-1146647E03AB}"
EndProject
Project("{FAE04EC0-301F-11D3-BF4B-00C04F79EFBC}") = "RegionHR.Infrastructure.Tests", "tests\RegionHR.Infrastructure.Tests\RegionHR.Infrastructure.Tests.csproj", "{42F04422-F886-4D70-8D20-EBA138FF6F15}"
EndProject
Project("{2150E333-8FDC-42A3-9474-1A3956D46DE8}") = "Pulse", "Pulse", "{54D6D45F-265F-FCE9-9F45-D4835ECAD140}"
EndProject
Project("{FAE04EC0-301F-11D3-BF4B-00C04F79EFBC}") = "RegionHR.Pulse", "src\Modules\Pulse\RegionHR.Pulse.csproj", "{20A2CD77-8F19-49D7-8BC8-372D3153B19F}"
EndProject
Global
	GlobalSection(SolutionConfigurationPlatforms) = preSolution
		Debug|Any CPU = Debug|Any CPU
		Debug|x64 = Debug|x64
		Debug|x86 = Debug|x86
		Release|Any CPU = Release|Any CPU
		Release|x64 = Release|x64
		Release|x86 = Release|x86
	EndGlobalSection
	GlobalSection(ProjectConfigurationPlatforms) = postSolution
		{C65D9DF8-9F1C-4BAB-A2E4-4B5D6F7DAAA6}.Debug|Any CPU.ActiveCfg = Debug|Any CPU
		{C65D9DF8-9F1C-4BAB-A2E4-4B5D6F7DAAA6}.Debug|Any CPU.Build.0 = Debug|Any CPU
		{C65D9DF8-9F1C-4BAB-A2E4-4B5D6F7DAAA6}.Debug|x64.ActiveCfg = Debug|Any CPU
		{C65D9DF8-9F1C-4BAB-A2E4-4B5D6F7DAAA6}.Debug|x64.Build.0 = Debug|Any CPU
		{C65D9DF8-9F1C-4BAB-A2E4-4B5D6F7DAAA6}.Debug|x86.ActiveCfg = Debug|Any CPU
		{C65D9DF8-9F1C-4BAB-A2E4-4B5D6F7DAAA6}.Debug|x86.Build.0 = Debug|Any CPU
		{C65D9DF8-9F1C-4BAB-A2E4-4B5D6F7DAAA6}.Release|Any CPU.ActiveCfg = Release|Any CPU
		{C65D9DF8-9F1C-4BAB-A2E4-4B5D6F7DAAA6}.Release|Any CPU.Build.0 = Release|Any CPU
		{C65D9DF8-9F1C-4BAB-A2E4-4B5D6F7DAAA6}.Release|x64.ActiveCfg = Release|Any CPU
		{C65D9DF8-9F1C-4BAB-A2E4-4B5D6F7DAAA6}.Release|x64.Build.0 = Release|Any CPU
		{C65D9DF8-9F1C-4BAB-A2E4-4B5D6F7DAAA6}.Release|x86.ActiveCfg = Release|Any CPU
		{C65D9DF8-9F1C-4BAB-A2E4-4B5D6F7DAAA6}.Release|x86.Build.0 = Release|Any CPU
		{62376D04-D714-4ECC-A884-7CD97F04C880}.Debug|Any CPU.ActiveCfg = Debug|Any CPU
		{62376D04-D714-4ECC-A884-7CD97F04C880}.Debug|Any CPU.Build.0 = Debug|Any CPU
		{62376D04-D714-4ECC-A884-7CD97F04C880}.Debug|x64.ActiveCfg = Debug|Any CPU
		{62376D04-D714-4ECC-A884-7CD97F04C880}.Debug|x64.Build.0 = Debug|Any CPU
		{62376D04-D714-4ECC-A884-7CD97F04C880}.Debug|x86.ActiveCfg = Debug|Any CPU
		{62376D04-D714-4ECC-A884-7CD97F04C880}.Debug|x86.Build.0 = Debug|Any CPU
		{62376D04-D714-4ECC-A884-7CD97F04C880}.Release|Any CPU.ActiveCfg = Release|Any CPU
		{62376D04-D714-4ECC-A884-7CD97F04C880}.Release|Any CPU.Build.0 = Release|Any CPU
		{62376D04-D714-4ECC-A884-7CD97F04C880}.Release|x64.ActiveCfg = Release|Any CPU
		{62376D04-D714-4ECC-A884-7CD97F04C880}.Release|x64.Build.0 = Release|Any CPU
		{62376D04-D714-4ECC-A884-7CD97F04C880}.Release|x86.ActiveCfg = Release|Any CPU
		{62376D04-D714-4ECC-A884-7CD97F04C880}.Release|x86.Build.0 = Release|Any CPU
		{5C1A11F8-07D5-4060-87F7-839EB01DC197}.Debug|Any CPU.ActiveCfg = Debug|Any CPU
		{5C1A11F8-07D5-4060-87F7-839EB01DC197}.Debug|Any CPU.Build.0 = Debug|Any CPU
		{5C1A11F8-07D5-4060-87F7-839EB01DC197}.Debug|x64.ActiveCfg = Debug|Any CPU
		{5C1A11F8-07D5-4060-87F7-839EB01DC197}.Debug|x64.Build.0 = Debug|Any CPU
		{5C1A11F8-07D5-4060-87F7-839EB01DC197}.Debug|x86.ActiveCfg = Debug|Any CPU
		{5C1A11F8-07D5-4060-87F7-839EB01DC197}.Debug|x86.Build.0 = Debug|Any CPU
		{5C1A11F8-07D5-4060-87F7-839EB01DC197}.Release|Any CPU.ActiveCfg = Release|Any CPU
		{5C1A11F8-07D5-4060-87F7-839EB01DC197}.Release|Any CPU.Build.0 = Release|Any CPU
		{5C1A11F8-07D5-4060-87F7-839EB01DC197}.Release|x64.ActiveCfg = Release|Any CPU
		{5C1A11F8-07D5-4060-87F7-839EB01DC197}.Release|x64.Build.0 = Release|Any CPU
		{5C1A11F8-07D5-4060-87F7-839EB01DC197}.Release|x86.ActiveCfg = Release|Any CPU
		{5C1A11F8-07D5-4060-87F7-839EB01DC197}.Release|x86.Build.0 = Release|Any CPU
		{D94A8BF4-0A70-4352-9DA8-DA0ADF318845}.Debug|Any CPU.ActiveCfg = Debug|Any CPU
		{D94A8BF4-0A70-4352-9DA8-DA0ADF318845}.Debug|Any CPU.Build.0 = Debug|Any CPU
		{D94A8BF4-0A70-4352-9DA8-DA0ADF318845}.Debug|x64.ActiveCfg = Debug|Any CPU
		{D94A8BF4-0A70-4352-9DA8-DA0ADF318845}.Debug|x64.Build.0 = Debug|Any CPU
		{D94A8BF4-0A70-4352-9DA8-DA0ADF318845}.Debug|x86.ActiveCfg = Debug|Any CPU
		{D94A8BF4-0A70-4352-9DA8-DA0ADF318845}.Debug|x86.Build.0 = Debug|Any CPU
		{D94A8BF4-0A70-4352-9DA8-DA0ADF318845}.Release|Any CPU.ActiveCfg = Release|Any CPU
		{D94A8BF4-0A70-4352-9DA8-DA0ADF318845}.Release|Any CPU.Build.0 = Release|Any CPU
		{D94A8BF4-0A70-4352-9DA8-DA0ADF318845}.Release|x64.ActiveCfg = Release|Any CPU
		{D94A8BF4-0A70-4352-9DA8-DA0ADF318845}.Release|x64.Build.0 = Release|Any CPU
		{D94A8BF4-0A70-4352-9DA8-DA0ADF318845}.Release|x86.ActiveCfg = Release|Any CPU
		{D94A8BF4-0A70-4352-9DA8-DA0ADF318845}.Release|x86.Build.0 = Release|Any CPU
		{8904F97D-D172-4F8D-A516-6CD65AD0FDF1}.Debug|Any CPU.ActiveCfg = Debug|Any CPU
		{8904F97D-D172-4F8D-A516-6CD65AD0FDF1}.Debug|Any CPU.Build.0 = Debug|Any CPU
		{8904F97D-D172-4F8D-A516-6CD65AD0FDF1}.Debug|x64.ActiveCfg = Debug|Any CPU
		{8904F97D-D172-4F8D-A516-6CD65AD0FDF1}.Debug|x64.Build.0 = Debug|Any CPU
		{8904F97D-D172-4F8D-A516-6CD65AD0FDF1}.Debug|x86.ActiveCfg = Debug|Any CPU
		{8904F97D-D172-4F8D-A516-6CD65AD0FDF1}.Debug|x86.Build.0 = Debug|Any CPU
		{8904F97D-D172-4F8D-A516-6CD65AD0FDF1}.Release|Any CPU.ActiveCfg = Release|Any CPU
		{8904F97D-D172-4F8D-A516-6CD65AD0FDF1}.Release|Any CPU.Build.0 = Release|Any CPU
		{8904F97D-D172-4F8D-A516-6CD65AD0FDF1}.Release|x64.ActiveCfg = Release|Any CPU
		{8904F97D-D172-4F8D-A516-6CD65AD0FDF1}.Release|x64.Build.0 = Release|Any CPU
		{8904F97D-D172-4F8D-A516-6CD65AD0FDF1}.Release|x86.ActiveCfg = Release|Any CPU
		{8904F97D-D172-4F8D-A516-6CD65AD0FDF1}.Release|x86.Build.0 = Release|Any CPU
		{615E5FEF-8FA1-4DB6-8FB7-947FD32A7BDD}.Debug|Any CPU.ActiveCfg = Debug|Any CPU
		{615E5FEF-8FA1-4DB6-8FB7-947FD32A7BDD}.Debug|Any CPU.Build.0 = Debug|Any CPU
		{615E5FEF-8FA1-4DB6-8FB7-947FD32A7BDD}.Debug|x64.ActiveCfg = Debug|Any CPU
		{615E5FEF-8FA1-4DB6-8FB7-947FD32A7BDD}.Debug|x64.Build.0 = Debug|Any CPU
		{615E5FEF-8FA1-4DB6-8FB7-947FD32A7BDD}.Debug|x86.ActiveCfg = Debug|Any CPU
		{615E5FEF-8FA1-4DB6-8FB7-947FD32A7BDD}.Debug|x86.Build.0 = Debug|Any CPU
		{615E5FEF-8FA1-4DB6-8FB7-947FD32A7BDD}.Release|Any CPU.ActiveCfg = Release|Any CPU
		{615E5FEF-8FA1-4DB6-8FB7-947FD32A7BDD}.Release|Any CPU.Build.0 = Release|Any CPU
		{615E5FEF-8FA1-4DB6-8FB7-947FD32A7BDD}.Release|x64.ActiveCfg = Release|Any CPU
		{615E5FEF-8FA1-4DB6-8FB7-947FD32A7BDD}.Release|x64.Build.0 = Release|Any CPU
		{615E5FEF-8FA1-4DB6-8FB7-947FD32A7BDD}.Release|x86.ActiveCfg = Release|Any CPU
		{615E5FEF-8FA1-4DB6-8FB7-947FD32A7BDD}.Release|x86.Build.0 = Release|Any CPU
		{83EC68D6-BEB4-4E21-A62F-5F3F168AE71F}.Debug|Any CPU.ActiveCfg = Debug|Any CPU
		{83EC68D6-BEB4-4E21-A62F-5F3F168AE71F}.Debug|Any CPU.Build.0 = Debug|Any CPU
		{83EC68D6-BEB4-4E21-A62F-5F3F168AE71F}.Debug|x64.ActiveCfg = Debug|Any CPU
		{83EC68D6-BEB4-4E21-A62F-5F3F168AE71F}.Debug|x64.Build.0 = Debug|Any CPU
		{83EC68D6-BEB4-4E21-A62F-5F3F168AE71F}.Debug|x86.ActiveCfg = Debug|Any CPU
		{83EC68D6-BEB4-4E21-A62F-5F3F168AE71F}.Debug|x86.Build.0 = Debug|Any CPU
		{83EC68D6-BEB4-4E21-A62F-5F3F168AE71F}.Release|Any CPU.ActiveCfg = Release|Any CPU
		{83EC68D6-BEB4-4E21-A62F-5F3F168AE71F}.Release|Any CPU.Build.0 = Release|Any CPU
		{83EC68D6-BEB4-4E21-A62F-5F3F168AE71F}.Release|x64.ActiveCfg = Release|Any CPU
		{83EC68D6-BEB4-4E21-A62F-5F3F168AE71F}.Release|x64.Build.0 = Release|Any CPU
		{83EC68D6-BEB4-4E21-A62F-5F3F168AE71F}.Release|x86.ActiveCfg = Release|Any CPU
		{83EC68D6-BEB4-4E21-A62F-5F3F168AE71F}.Release|x86.Build.0 = Release|Any CPU
		{9078AD05-41D8-402F-9AD0-2D8513E95F6C}.Debug|Any CPU.ActiveCfg = Debug|Any CPU
		{9078AD05-41D8-402F-9AD0-2D8513E95F6C}.Debug|Any CPU.Build.0 = Debug|Any CPU
		{9078AD05-41D8-402F-9AD0-2D8513E95F6C}.Debug|x64.ActiveCfg = Debug|Any CPU
		{9078AD05-41D8-402F-9AD0-2D8513E95F6C}.Debug|x64.Build.0 = Debug|Any CPU
		{9078AD05-41D8-402F-9AD0-2D8513E95F6C}.Debug|x86.ActiveCfg = Debug|Any CPU
		{9078AD05-41D8-402F-9AD0-2D8513E95F6C}.Debug|x86.Build.0 = Debug|Any CPU
		{9078AD05-41D8-402F-9AD0-2D8513E95F6C}.Release|Any CPU.ActiveCfg = Release|Any CPU
		{9078AD05-41D8-402F-9AD0-2D8513E95F6C}.Release|Any CPU.Build.0 = Release|Any CPU
		{9078AD05-41D8-402F-9AD0-2D8513E95F6C}.Release|x64.ActiveCfg = Release|Any CPU
		{9078AD05-41D8-402F-9AD0-2D8513E95F6C}.Release|x64.Build.0 = Release|Any CPU
		{9078AD05-41D8-402F-9AD0-2D8513E95F6C}.Release|x86.ActiveCfg = Release|Any CPU
		{9078AD05-41D8-402F-9AD0-2D8513E95F6C}.Release|x86.Build.0 = Release|Any CPU
		{E9A63E8C-7DBD-4B55-8CCE-08900D6BCD1B}.Debug|Any CPU.ActiveCfg = Debug|Any CPU
		{E9A63E8C-7DBD-4B55-8CCE-08900D6BCD1B}.Debug|Any CPU.Build.0 = Debug|Any CPU
		{E9A63E8C-7DBD-4B55-8CCE-08900D6BCD1B}.Debug|x64.ActiveCfg = Debug|Any CPU
		{E9A63E8C-7DBD-4B55-8CCE-08900D6BCD1B}.Debug|x64.Build.0 = Debug|Any CPU
		{E9A63E8C-7DBD-4B55-8CCE-08900D6BCD1B}.Debug|x86.ActiveCfg = Debug|Any CPU
		{E9A63E8C-7DBD-4B55-8CCE-08900D6BCD1B}.Debug|x86.Build.0 = Debug|Any CPU
		{E9A63E8C-7DBD-4B55-8CCE-08900D6BCD1B}.Release|Any CPU.ActiveCfg = Release|Any CPU
		{E9A63E8C-7DBD-4B55-8CCE-08900D6BCD1B}.Release|Any CPU.Build.0 = Release|Any CPU
		{E9A63E8C-7DBD-4B55-8CCE-08900D6BCD1B}.Release|x64.ActiveCfg = Release|Any CPU
		{E9A63E8C-7DBD-4B55-8CCE-08900D6BCD1B}.Release|x64.Build.0 = Release|Any CPU
		{E9A63E8C-7DBD-4B55-8CCE-08900D6BCD1B}.Release|x86.ActiveCfg = Release|Any CPU
		{E9A63E8C-7DBD-4B55-8CCE-08900D6BCD1B}.Release|x86.Build.0 = Release|Any CPU
		{C23BAE68-C412-4C52-8F85-D275DBBEE19A}.Debug|Any CPU.ActiveCfg = Debug|Any CPU
		{C23BAE68-C412-4C52-8F85-D275DBBEE19A}.Debug|Any CPU.Build.0 = Debug|Any CPU
		{C23BAE68-C412-4C52-8F85-D275DBBEE19A}.Debug|x64.ActiveCfg = Debug|Any CPU
		{C23BAE68-C412-4C52-8F85-D275DBBEE19A}.Debug|x64.Build.0 = Debug|Any CPU
		{C23BAE68-C412-4C52-8F85-D275DBBEE19A}.Debug|x86.ActiveCfg = Debug|Any CPU
		{C23BAE68-C412-4C52-8F85-D275DBBEE19A}.Debug|x86.Build.0 = Debug|Any CPU
		{C23BAE68-C412-4C52-8F85-D275DBBEE19A}.Release|Any CPU.ActiveCfg = Release|Any CPU
		{C23BAE68-C412-4C52-8F85-D275DBBEE19A}.Release|Any CPU.Build.0 = Release|Any CPU
		{C23BAE68-C412-4C52-8F85-D275DBBEE19A}.Release|x64.ActiveCfg = Release|Any CPU
		{C23BAE68-C412-4C52-8F85-D275DBBEE19A}.Release|x64.Build.0 = Release|Any CPU
		{C23BAE68-C412-4C52-8F85-D275DBBEE19A}.Release|x86.ActiveCfg = Release|Any CPU
		{C23BAE68-C412-4C52-8F85-D275DBBEE19A}.Release|x86.Build.0 = Release|Any CPU
		{C6F6FE0E-50BD-4E79-8029-58991C086669}.Debug|Any CPU.ActiveCfg = Debug|Any CPU
		{C6F6FE0E-50BD-4E79-8029-58991C086669}.Debug|Any CPU.Build.0 = Debug|Any CPU
		{C6F6FE0E-50BD-4E79-8029-58991C086669}.Debug|x64.ActiveCfg = Debug|Any CPU
		{C6F6FE0E-50BD-4E79-8029-58991C086669}.Debug|x64.Build.0 = Debug|Any CPU
		{C6F6FE0E-50BD-4E79-8029-58991C086669}.Debug|x86.ActiveCfg = Debug|Any CPU
		{C6F6FE0E-50BD-4E79-8029-58991C086669}.Debug|x86.Build.0 = Debug|Any CPU
		{C6F6FE0E-50BD-4E79-8029-58991C086669}.Release|Any CPU.ActiveCfg = Release|Any CPU
		{C6F6FE0E-50BD-4E79-8029-58991C086669}.Release|Any CPU.Build.0 = Release|Any CPU
		{C6F6FE0E-50BD-4E79-8029-58991C086669}.Release|x64.ActiveCfg = Release|Any CPU
		{C6F6FE0E-50BD-4E79-8029-58991C086669}.Release|x64.Build.0 = Release|Any CPU
		{C6F6FE0E-50BD-4E79-8029-58991C086669}.Release|x86.ActiveCfg = Release|Any CPU
		{C6F6FE0E-50BD-4E79-8029-58991C086669}.Release|x86.Build.0 = Release|Any CPU
		{E918206A-9C86-407F-81BC-5DD3EFAE3F0E}.Debug|Any CPU.ActiveCfg = Debug|Any CPU
		{E918206A-9C86-407F-81BC-5DD3EFAE3F0E}.Debug|Any CPU.Build.0 = Debug|Any CPU
		{E918206A-9C86-407F-81BC-5DD3EFAE3F0E}.Debug|x64.ActiveCfg = Debug|Any CPU
		{E918206A-9C86-407F-81BC-5DD3EFAE3F0E}.Debug|x64.Build.0 = Debug|Any CPU
		{E918206A-9C86-407F-81BC-5DD3EFAE3F0E}.Debug|x86.ActiveCfg = Debug|Any CPU
		{E918206A-9C86-407F-81BC-5DD3EFAE3F0E}.Debug|x86.Build.0 = Debug|Any CPU
		{E918206A-9C86-407F-81BC-5DD3EFAE3F0E}.Release|Any CPU.ActiveCfg = Release|Any CPU
		{E918206A-9C86-407F-81BC-5DD3EFAE3F0E}.Release|Any CPU.Build.0 = Release|Any CPU
		{E918206A-9C86-407F-81BC-5DD3EFAE3F0E}.Release|x64.ActiveCfg = Release|Any CPU
		{E918206A-9C86-407F-81BC-5DD3EFAE3F0E}.Release|x64.Build.0 = Release|Any CPU
		{E918206A-9C86-407F-81BC-5DD3EFAE3F0E}.Release|x86.ActiveCfg = Release|Any CPU
		{E918206A-9C86-407F-81BC-5DD3EFAE3F0E}.Release|x86.Build.0 = Release|Any CPU
		{1E8EBA6A-BAED-449E-96BC-F3B3C3A1A66E}.Debug|Any CPU.ActiveCfg = Debug|Any CPU
		{1E8EBA6A-BAED-449E-96BC-F3B3C3A1A66E}.Debug|Any CPU.Build.0 = Debug|Any CPU
		{1E8EBA6A-BAED-449E-96BC-F3B3C3A1A66E}.Debug|x64.ActiveCfg = Debug|Any CPU
		{1E8EBA6A-BAED-449E-96BC-F3B3C3A1A66E}.Debug|x64.Build.0 = Debug|Any CPU
		{1E8EBA6A-BAED-449E-96BC-F3B3C3A1A66E}.Debug|x86.ActiveCfg = Debug|Any CPU
		{1E8EBA6A-BAED-449E-96BC-F3B3C3A1A66E}.Debug|x86.Build.0 = Debug|Any CPU
		{1E8EBA6A-BAED-449E-96BC-F3B3C3A1A66E}.Release|Any CPU.ActiveCfg = Release|Any CPU
		{1E8EBA6A-BAED-449E-96BC-F3B3C3A1A66E}.Release|Any CPU.Build.0 = Release|Any CPU
		{1E8EBA6A-BAED-449E-96BC-F3B3C3A1A66E}.Release|x64.ActiveCfg = Release|Any CPU
		{1E8EBA6A-BAED-449E-96BC-F3B3C3A1A66E}.Release|x64.Build.0 = Release|Any CPU
		{1E8EBA6A-BAED-449E-96BC-F3B3C3A1A66E}.Release|x86.ActiveCfg = Release|Any CPU
		{1E8EBA6A-BAED-449E-96BC-F3B3C3A1A66E}.Release|x86.Build.0 = Release|Any CPU
		{C25F42C6-0665-4A08-8D59-33A90E0E32D5}.Debug|Any CPU.ActiveCfg = Debug|Any CPU
		{C25F42C6-0665-4A08-8D59-33A90E0E32D5}.Debug|Any CPU.Build.0 = Debug|Any CPU
		{C25F42C6-0665-4A08-8D59-33A90E0E32D5}.Debug|x64.ActiveCfg = Debug|Any CPU
		{C25F42C6-0665-4A08-8D59-33A90E0E32D5}.Debug|x64.Build.0 = Debug|Any CPU
		{C25F42C6-0665-4A08-8D59-33A90E0E32D5}.Debug|x86.ActiveCfg = Debug|Any CPU
		{C25F42C6-0665-4A08-8D59-33A90E0E32D5}.Debug|x86.Build.0 = Debug|Any CPU
		{C25F42C6-0665-4A08-8D59-33A90E0E32D5}.Release|Any CPU.ActiveCfg = Release|Any CPU
		{C25F42C6-0665-4A08-8D59-33A90E0E32D5}.Release|Any CPU.Build.0 = Release|Any CPU
		{C25F42C6-0665-4A08-8D59-33A90E0E32D5}.Release|x64.ActiveCfg = Release|Any CPU
		{C25F42C6-0665-4A08-8D59-33A90E0E32D5}.Release|x64.Build.0 = Release|Any CPU
		{C25F42C6-0665-4A08-8D59-33A90E0E32D5}.Release|x86.ActiveCfg = Release|Any CPU
		{C25F42C6-0665-4A08-8D59-33A90E0E32D5}.Release|x86.Build.0 = Release|Any CPU
		{2F9CAEC5-0A76-45F4-B4A8-B9A0A62E504A}.Debug|Any CPU.ActiveCfg = Debug|Any CPU
		{2F9CAEC5-0A76-45F4-B4A8-B9A0A62E504A}.Debug|Any CPU.Build.0 = Debug|Any CPU
		{2F9CAEC5-0A76-45F4-B4A8-B9A0A62E504A}.Debug|x64.ActiveCfg = Debug|Any CPU
		{2F9CAEC5-0A76-45F4-B4A8-B9A0A62E504A}.Debug|x64.Build.0 = Debug|Any CPU
		{2F9CAEC5-0A76-45F4-B4A8-B9A0A62E504A}.Debug|x86.ActiveCfg = Debug|Any CPU
		{2F9CAEC5-0A76-45F4-B4A8-B9A0A62E504A}.Debug|x86.Build.0 = Debug|Any CPU
		{2F9CAEC5-0A76-45F4-B4A8-B9A0A62E504A}.Release|Any CPU.ActiveCfg = Release|Any CPU
		{2F9CAEC5-0A76-45F4-B4A8-B9A0A62E504A}.Release|Any CPU.Build.0 = Release|Any CPU
		{2F9CAEC5-0A76-45F4-B4A8-B9A0A62E504A}.Release|x64.ActiveCfg = Release|Any CPU
		{2F9CAEC5-0A76-45F4-B4A8-B9A0A62E504A}.Release|x64.Build.0 = Release|Any CPU
		{2F9CAEC5-0A76-45F4-B4A8-B9A0A62E504A}.Release|x86.ActiveCfg = Release|Any CPU
		{2F9CAEC5-0A76-45F4-B4A8-B9A0A62E504A}.Release|x86.Build.0 = Release|Any CPU
		{17B73029-E57F-4ED5-9580-7642BC097ADF}.Debug|Any CPU.ActiveCfg = Debug|Any CPU
		{17B73029-E57F-4ED5-9580-7642BC097ADF}.Debug|Any CPU.Build.0 = Debug|Any CPU
		{17B73029-E57F-4ED5-9580-7642BC097ADF}.Debug|x64.ActiveCfg = Debug|Any CPU
		{17B73029-E57F-4ED5-9580-7642BC097ADF}.Debug|x64.Build.0 = Debug|Any CPU
		{17B73029-E57F-4ED5-9580-7642BC097ADF}.Debug|x86.ActiveCfg = Debug|Any CPU
		{17B73029-E57F-4ED5-9580-7642BC097ADF}.Debug|x86.Build.0 = Debug|Any CPU
		{17B73029-E57F-4ED5-9580-7642BC097ADF}.Release|Any CPU.ActiveCfg = Release|Any CPU
		{17B73029-E57F-4ED5-9580-7642BC097ADF}.Release|Any CPU.Build.0 = Release|Any CPU
		{17B73029-E57F-4ED5-9580-7642BC097ADF}.Release|x64.ActiveCfg = Release|Any CPU
		{17B73029-E57F-4ED5-9580-7642BC097ADF}.Release|x64.Build.0 = Release|Any CPU
		{17B73029-E57F-4ED5-9580-7642BC097ADF}.Release|x86.ActiveCfg = Release|Any CPU
		{17B73029-E57F-4ED5-9580-7642BC097ADF}.Release|x86.Build.0 = Release|Any CPU
		{C91B8DCC-29F8-4F0A-85EB-1C72F3AB009A}.Debug|Any CPU.ActiveCfg = Debug|Any CPU
		{C91B8DCC-29F8-4F0A-85EB-1C72F3AB009A}.Debug|Any CPU.Build.0 = Debug|Any CPU
		{C91B8DCC-29F8-4F0A-85EB-1C72F3AB009A}.Debug|x64.ActiveCfg = Debug|Any CPU
		{C91B8DCC-29F8-4F0A-85EB-1C72F3AB009A}.Debug|x64.Build.0 = Debug|Any CPU
		{C91B8DCC-29F8-4F0A-85EB-1C72F3AB009A}.Debug|x86.ActiveCfg = Debug|Any CPU
		{C91B8DCC-29F8-4F0A-85EB-1C72F3AB009A}.Debug|x86.Build.0 = Debug|Any CPU
		{C91B8DCC-29F8-4F0A-85EB-1C72F3AB009A}.Release|Any CPU.ActiveCfg = Release|Any CPU
		{C91B8DCC-29F8-4F0A-85EB-1C72F3AB009A}.Release|Any CPU.Build.0 = Release|Any CPU
		{C91B8DCC-29F8-4F0A-85EB-1C72F3AB009A}.Release|x64.ActiveCfg = Release|Any CPU
		{C91B8DCC-29F8-4F0A-85EB-1C72F3AB009A}.Release|x64.Build.0 = Release|Any CPU
		{C91B8DCC-29F8-4F0A-85EB-1C72F3AB009A}.Release|x86.ActiveCfg = Release|Any CPU
		{C91B8DCC-29F8-4F0A-85EB-1C72F3AB009A}.Release|x86.Build.0 = Release|Any CPU
		{0633C142-965C-4145-873E-41525F500A20}.Debug|Any CPU.ActiveCfg = Debug|Any CPU
		{0633C142-965C-4145-873E-41525F500A20}.Debug|Any CPU.Build.0 = Debug|Any CPU
		{0633C142-965C-4145-873E-41525F500A20}.Debug|x64.ActiveCfg = Debug|Any CPU
		{0633C142-965C-4145-873E-41525F500A20}.Debug|x64.Build.0 = Debug|Any CPU
		{0633C142-965C-4145-873E-41525F500A20}.Debug|x86.ActiveCfg = Debug|Any CPU
		{0633C142-965C-4145-873E-41525F500A20}.Debug|x86.Build.0 = Debug|Any CPU
		{0633C142-965C-4145-873E-41525F500A20}.Release|Any CPU.ActiveCfg = Release|Any CPU
		{0633C142-965C-4145-873E-41525F500A20}.Release|Any CPU.Build.0 = Release|Any CPU
		{0633C142-965C-4145-873E-41525F500A20}.Release|x64.ActiveCfg = Release|Any CPU
		{0633C142-965C-4145-873E-41525F500A20}.Release|x64.Build.0 = Release|Any CPU
		{0633C142-965C-4145-873E-41525F500A20}.Release|x86.ActiveCfg = Release|Any CPU
		{0633C142-965C-4145-873E-41525F500A20}.Release|x86.Build.0 = Release|Any CPU
		{2237C64B-89F1-476B-BD0A-CDE9A0F0F44E}.Debug|Any CPU.ActiveCfg = Debug|Any CPU
		{2237C64B-89F1-476B-BD0A-CDE9A0F0F44E}.Debug|Any CPU.Build.0 = Debug|Any CPU
		{2237C64B-89F1-476B-BD0A-CDE9A0F0F44E}.Debug|x64.ActiveCfg = Debug|Any CPU
		{2237C64B-89F1-476B-BD0A-CDE9A0F0F44E}.Debug|x64.Build.0 = Debug|Any CPU
		{2237C64B-89F1-476B-BD0A-CDE9A0F0F44E}.Debug|x86.ActiveCfg = Debug|Any CPU
		{2237C64B-89F1-476B-BD0A-CDE9A0F0F44E}.Debug|x86.Build.0 = Debug|Any CPU
		{2237C64B-89F1-476B-BD0A-CDE9A0F0F44E}.Release|Any CPU.ActiveCfg = Release|Any CPU
		{2237C64B-89F1-476B-BD0A-CDE9A0F0F44E}.Release|Any CPU.Build.0 = Release|Any CPU
		{2237C64B-89F1-476B-BD0A-CDE9A0F0F44E}.Release|x64.ActiveCfg = Release|Any CPU
		{2237C64B-89F1-476B-BD0A-CDE9A0F0F44E}.Release|x64.Build.0 = Release|Any CPU
		{2237C64B-89F1-476B-BD0A-CDE9A0F0F44E}.Release|x86.ActiveCfg = Release|Any CPU
		{2237C64B-89F1-476B-BD0A-CDE9A0F0F44E}.Release|x86.Build.0 = Release|Any CPU
		{7B26ED27-CA14-410F-8611-AF9DABE0F8D4}.Debug|Any CPU.ActiveCfg = Debug|Any CPU
		{7B26ED27-CA14-410F-8611-AF9DABE0F8D4}.Debug|Any CPU.Build.0 = Debug|Any CPU
		{7B26ED27-CA14-410F-8611-AF9DABE0F8D4}.Debug|x64.ActiveCfg = Debug|Any CPU
		{7B26ED27-CA14-410F-8611-AF9DABE0F8D4}.Debug|x64.Build.0 = Debug|Any CPU
		{7B26ED27-CA14-410F-8611-AF9DABE0F8D4}.Debug|x86.ActiveCfg = Debug|Any CPU
		{7B26ED27-CA14-410F-8611-AF9DABE0F8D4}.Debug|x86.Build.0 = Debug|Any CPU
		{7B26ED27-CA14-410F-8611-AF9DABE0F8D4}.Release|Any CPU.ActiveCfg = Release|Any CPU
		{7B26ED27-CA14-410F-8611-AF9DABE0F8D4}.Release|Any CPU.Build.0 = Release|Any CPU
		{7B26ED27-CA14-410F-8611-AF9DABE0F8D4}.Release|x64.ActiveCfg = Release|Any CPU
		{7B26ED27-CA14-410F-8611-AF9DABE0F8D4}.Release|x64.Build.0 = Release|Any CPU
		{7B26ED27-CA14-410F-8611-AF9DABE0F8D4}.Release|x86.ActiveCfg = Release|Any CPU
		{7B26ED27-CA14-410F-8611-AF9DABE0F8D4}.Release|x86.Build.0 = Release|Any CPU
		{19F7ED06-01B4-4D1E-BC41-11885D38D692}.Debug|Any CPU.ActiveCfg = Debug|Any CPU
		{19F7ED06-01B4-4D1E-BC41-11885D38D692}.Debug|Any CPU.Build.0 = Debug|Any CPU
		{19F7ED06-01B4-4D1E-BC41-11885D38D692}.Debug|x64.ActiveCfg = Debug|Any CPU
		{19F7ED06-01B4-4D1E-BC41-11885D38D692}.Debug|x64.Build.0 = Debug|Any CPU
		{19F7ED06-01B4-4D1E-BC41-11885D38D692}.Debug|x86.ActiveCfg = Debug|Any CPU
		{19F7ED06-01B4-4D1E-BC41-11885D38D692}.Debug|x86.Build.0 = Debug|Any CPU
		{19F7ED06-01B4-4D1E-BC41-11885D38D692}.Release|Any CPU.ActiveCfg = Release|Any CPU
		{19F7ED06-01B4-4D1E-BC41-11885D38D692}.Release|Any CPU.Build.0 = Release|Any CPU
		{19F7ED06-01B4-4D1E-BC41-11885D38D692}.Release|x64.ActiveCfg = Release|Any CPU
		{19F7ED06-01B4-4D1E-BC41-11885D38D692}.Release|x64.Build.0 = Release|Any CPU
		{19F7ED06-01B4-4D1E-BC41-11885D38D692}.Release|x86.ActiveCfg = Release|Any CPU
		{19F7ED06-01B4-4D1E-BC41-11885D38D692}.Release|x86.Build.0 = Release|Any CPU
		{5A1DAC7C-9BFC-40F9-8926-6E126E00EFDD}.Debug|Any CPU.ActiveCfg = Debug|Any CPU
		{5A1DAC7C-9BFC-40F9-8926-6E126E00EFDD}.Debug|Any CPU.Build.0 = Debug|Any CPU
		{5A1DAC7C-9BFC-40F9-8926-6E126E00EFDD}.Debug|x64.ActiveCfg = Debug|Any CPU
		{5A1DAC7C-9BFC-40F9-8926-6E126E00EFDD}.Debug|x64.Build.0 = Debug|Any CPU
		{5A1DAC7C-9BFC-40F9-8926-6E126E00EFDD}.Debug|x86.ActiveCfg = Debug|Any CPU
		{5A1DAC7C-9BFC-40F9-8926-6E126E00EFDD}.Debug|x86.Build.0 = Debug|Any CPU
		{5A1DAC7C-9BFC-40F9-8926-6E126E00EFDD}.Release|Any CPU.ActiveCfg = Release|Any CPU
		{5A1DAC7C-9BFC-40F9-8926-6E126E00EFDD}.Release|Any CPU.Build.0 = Release|Any CPU
		{5A1DAC7C-9BFC-40F9-8926-6E126E00EFDD}.Release|x64.ActiveCfg = Release|Any CPU
		{5A1DAC7C-9BFC-40F9-8926-6E126E00EFDD}.Release|x64.Build.0 = Release|Any CPU
		{5A1DAC7C-9BFC-40F9-8926-6E126E00EFDD}.Release|x86.ActiveCfg = Release|Any CPU
		{5A1DAC7C-9BFC-40F9-8926-6E126E00EFDD}.Release|x86.Build.0 = Release|Any CPU
		{CF2200E7-0DA9-4121-8C01-148AF27DC1A2}.Debug|Any CPU.ActiveCfg = Debug|Any CPU
		{CF2200E7-0DA9-4121-8C01-148AF27DC1A2}.Debug|Any CPU.Build.0 = Debug|Any CPU
		{CF2200E7-0DA9-4121-8C01-148AF27DC1A2}.Debug|x64.ActiveCfg = Debug|Any CPU
		{CF2200E7-0DA9-4121-8C01-148AF27DC1A2}.Debug|x64.Build.0 = Debug|Any CPU
		{CF2200E7-0DA9-4121-8C01-148AF27DC1A2}.Debug|x86.ActiveCfg = Debug|Any CPU
		{CF2200E7-0DA9-4121-8C01-148AF27DC1A2}.Debug|x86.Build.0 = Debug|Any CPU
		{CF2200E7-0DA9-4121-8C01-148AF27DC1A2}.Release|Any CPU.ActiveCfg = Release|Any CPU
		{CF2200E7-0DA9-4121-8C01-148AF27DC1A2}.Release|Any CPU.Build.0 = Release|Any CPU
		{CF2200E7-0DA9-4121-8C01-148AF27DC1A2}.Release|x64.ActiveCfg = Release|Any CPU
		{CF2200E7-0DA9-4121-8C01-148AF27DC1A2}.Release|x64.Build.0 = Release|Any CPU
		{CF2200E7-0DA9-4121-8C01-148AF27DC1A2}.Release|x86.ActiveCfg = Release|Any CPU
		{CF2200E7-0DA9-4121-8C01-148AF27DC1A2}.Release|x86.Build.0 = Release|Any CPU
		{7D8E8579-2F8A-4B2C-8C9E-3233ACBBE3D2}.Debug|Any CPU.ActiveCfg = Debug|Any CPU
		{7D8E8579-2F8A-4B2C-8C9E-3233ACBBE3D2}.Debug|Any CPU.Build.0 = Debug|Any CPU
		{7D8E8579-2F8A-4B2C-8C9E-3233ACBBE3D2}.Debug|x64.ActiveCfg = Debug|Any CPU
		{7D8E8579-2F8A-4B2C-8C9E-3233ACBBE3D2}.Debug|x64.Build.0 = Debug|Any CPU
		{7D8E8579-2F8A-4B2C-8C9E-3233ACBBE3D2}.Debug|x86.ActiveCfg = Debug|Any CPU
		{7D8E8579-2F8A-4B2C-8C9E-3233ACBBE3D2}.Debug|x86.Build.0 = Debug|Any CPU
		{7D8E8579-2F8A-4B2C-8C9E-3233ACBBE3D2}.Release|Any CPU.ActiveCfg = Release|Any CPU
		{7D8E8579-2F8A-4B2C-8C9E-3233ACBBE3D2}.Release|Any CPU.Build.0 = Release|Any CPU
		{7D8E8579-2F8A-4B2C-8C9E-3233ACBBE3D2}.Release|x64.ActiveCfg = Release|Any CPU
		{7D8E8579-2F8A-4B2C-8C9E-3233ACBBE3D2}.Release|x64.Build.0 = Release|Any CPU
		{7D8E8579-2F8A-4B2C-8C9E-3233ACBBE3D2}.Release|x86.ActiveCfg = Release|Any CPU
		{7D8E8579-2F8A-4B2C-8C9E-3233ACBBE3D2}.Release|x86.Build.0 = Release|Any CPU
		{394282CB-EE48-4055-B4FF-B8803323B0DB}.Debug|Any CPU.ActiveCfg = Debug|Any CPU
		{394282CB-EE48-4055-B4FF-B8803323B0DB}.Debug|Any CPU.Build.0 = Debug|Any CPU
		{394282CB-EE48-4055-B4FF-B8803323B0DB}.Debug|x64.ActiveCfg = Debug|Any CPU
		{394282CB-EE48-4055-B4FF-B8803323B0DB}.Debug|x64.Build.0 = Debug|Any CPU
		{394282CB-EE48-4055-B4FF-B8803323B0DB}.Debug|x86.ActiveCfg = Debug|Any CPU
		{394282CB-EE48-4055-B4FF-B8803323B0DB}.Debug|x86.Build.0 = Debug|Any CPU
		{394282CB-EE48-4055-B4FF-B8803323B0DB}.Release|Any CPU.ActiveCfg = Release|Any CPU
		{394282CB-EE48-4055-B4FF-B8803323B0DB}.Release|Any CPU.Build.0 = Release|Any CPU
		{394282CB-EE48-4055-B4FF-B8803323B0DB}.Release|x64.ActiveCfg = Release|Any CPU
		{394282CB-EE48-4055-B4FF-B8803323B0DB}.Release|x64.Build.0 = Release|Any CPU
		{394282CB-EE48-4055-B4FF-B8803323B0DB}.Release|x86.ActiveCfg = Release|Any CPU
		{394282CB-EE48-4055-B4FF-B8803323B0DB}.Release|x86.Build.0 = Release|Any CPU
		{7EADF3DD-5B2A-44CE-B0F9-7C07BD562E8D}.Debug|Any CPU.ActiveCfg = Debug|Any CPU
		{7EADF3DD-5B2A-44CE-B0F9-7C07BD562E8D}.Debug|Any CPU.Build.0 = Debug|Any CPU
		{7EADF3DD-5B2A-44CE-B0F9-7C07BD562E8D}.Debug|x64.ActiveCfg = Debug|Any CPU
		{7EADF3DD-5B2A-44CE-B0F9-7C07BD562E8D}.Debug|x64.Build.0 = Debug|Any CPU
		{7EADF3DD-5B2A-44CE-B0F9-7C07BD562E8D}.Debug|x86.ActiveCfg = Debug|Any CPU
		{7EADF3DD-5B2A-44CE-B0F9-7C07BD562E8D}.Debug|x86.Build.0 = Debug|Any CPU
		{7EADF3DD-5B2A-44CE-B0F9-7C07BD562E8D}.Release|Any CPU.ActiveCfg = Release|Any CPU
		{7EADF3DD-5B2A-44CE-B0F9-7C07BD562E8D}.Release|Any CPU.Build.0 = Release|Any CPU
		{7EADF3DD-5B2A-44CE-B0F9-7C07BD562E8D}.Release|x64.ActiveCfg = Release|Any CPU
		{7EADF3DD-5B2A-44CE-B0F9-7C07BD562E8D}.Release|x64.Build.0 = Release|Any CPU
		{7EADF3DD-5B2A-44CE-B0F9-7C07BD562E8D}.Release|x86.ActiveCfg = Release|Any CPU
		{7EADF3DD-5B2A-44CE-B0F9-7C07BD562E8D}.Release|x86.Build.0 = Release|Any CPU
		{640374FC-A4C2-4C6D-8188-41677E754B71}.Debug|Any CPU.ActiveCfg = Debug|Any CPU
		{640374FC-A4C2-4C6D-8188-41677E754B71}.Debug|Any CPU.Build.0 = Debug|Any CPU
		{640374FC-A4C2-4C6D-8188-41677E754B71}.Debug|x64.ActiveCfg = Debug|Any CPU
		{640374FC-A4C2-4C6D-8188-41677E754B71}.Debug|x64.Build.0 = Debug|Any CPU
		{640374FC-A4C2-4C6D-8188-41677E754B71}.Debug|x86.ActiveCfg = Debug|Any CPU
		{640374FC-A4C2-4C6D-8188-41677E754B71}.Debug|x86.Build.0 = Debug|Any CPU
		{640374FC-A4C2-4C6D-8188-41677E754B71}.Release|Any CPU.ActiveCfg = Release|Any CPU
		{640374FC-A4C2-4C6D-8188-41677E754B71}.Release|Any CPU.Build.0 = Release|Any CPU
		{640374FC-A4C2-4C6D-8188-41677E754B71}.Release|x64.ActiveCfg = Release|Any CPU
		{640374FC-A4C2-4C6D-8188-41677E754B71}.Release|x64.Build.0 = Release|Any CPU
		{640374FC-A4C2-4C6D-8188-41677E754B71}.Release|x86.ActiveCfg = Release|Any CPU
		{640374FC-A4C2-4C6D-8188-41677E754B71}.Release|x86.Build.0 = Release|Any CPU
		{A6575091-38DE-4867-9601-8FCEE1865257}.Debug|Any CPU.ActiveCfg = Debug|Any CPU
		{A6575091-38DE-4867-9601-8FCEE1865257}.Debug|Any CPU.Build.0 = Debug|Any CPU
		{A6575091-38DE-4867-9601-8FCEE1865257}.Debug|x64.ActiveCfg = Debug|Any CPU
		{A6575091-38DE-4867-9601-8FCEE1865257}.Debug|x64.Build.0 = Debug|Any CPU
		{A6575091-38DE-4867-9601-8FCEE1865257}.Debug|x86.ActiveCfg = Debug|Any CPU
		{A6575091-38DE-4867-9601-8FCEE1865257}.Debug|x86.Build.0 = Debug|Any CPU
		{A6575091-38DE-4867-9601-8FCEE1865257}.Release|Any CPU.ActiveCfg = Release|Any CPU
		{A6575091-38DE-4867-9601-8FCEE1865257}.Release|Any CPU.Build.0 = Release|Any CPU
		{A6575091-38DE-4867-9601-8FCEE1865257}.Release|x64.ActiveCfg = Release|Any CPU
		{A6575091-38DE-4867-9601-8FCEE1865257}.Release|x64.Build.0 = Release|Any CPU
		{A6575091-38DE-4867-9601-8FCEE1865257}.Release|x86.ActiveCfg = Release|Any CPU
		{A6575091-38DE-4867-9601-8FCEE1865257}.Release|x86.Build.0 = Release|Any CPU
		{204BA5C8-9CCF-48BA-98AC-CB570D34777D}.Debug|Any CPU.ActiveCfg = Debug|Any CPU
		{204BA5C8-9CCF-48BA-98AC-CB570D34777D}.Debug|Any CPU.Build.0 = Debug|Any CPU
		{204BA5C8-9CCF-48BA-98AC-CB570D34777D}.Debug|x64.ActiveCfg = Debug|Any CPU
		{204BA5C8-9CCF-48BA-98AC-CB570D34777D}.Debug|x64.Build.0 = Debug|Any CPU
		{204BA5C8-9CCF-48BA-98AC-CB570D34777D}.Debug|x86.ActiveCfg = Debug|Any CPU
		{204BA5C8-9CCF-48BA-98AC-CB570D34777D}.Debug|x86.Build.0 = Debug|Any CPU
		{204BA5C8-9CCF-48BA-98AC-CB570D34777D}.Release|Any CPU.ActiveCfg = Release|Any CPU
		{204BA5C8-9CCF-48BA-98AC-CB570D34777D}.Release|Any CPU.Build.0 = Release|Any CPU
		{204BA5C8-9CCF-48BA-98AC-CB570D34777D}.Release|x64.ActiveCfg = Release|Any CPU
		{204BA5C8-9CCF-48BA-98AC-CB570D34777D}.Release|x64.Build.0 = Release|Any CPU
		{204BA5C8-9CCF-48BA-98AC-CB570D34777D}.Release|x86.ActiveCfg = Release|Any CPU
		{204BA5C8-9CCF-48BA-98AC-CB570D34777D}.Release|x86.Build.0 = Release|Any CPU
		{32D724D0-4385-4CCA-BA22-7A46869358B6}.Debug|Any CPU.ActiveCfg = Debug|Any CPU
		{32D724D0-4385-4CCA-BA22-7A46869358B6}.Debug|Any CPU.Build.0 = Debug|Any CPU
		{32D724D0-4385-4CCA-BA22-7A46869358B6}.Debug|x64.ActiveCfg = Debug|Any CPU
		{32D724D0-4385-4CCA-BA22-7A46869358B6}.Debug|x64.Build.0 = Debug|Any CPU
		{32D724D0-4385-4CCA-BA22-7A46869358B6}.Debug|x86.ActiveCfg = Debug|Any CPU
		{32D724D0-4385-4CCA-BA22-7A46869358B6}.Debug|x86.Build.0 = Debug|Any CPU
		{32D724D0-4385-4CCA-BA22-7A46869358B6}.Release|Any CPU.ActiveCfg = Release|Any CPU
		{32D724D0-4385-4CCA-BA22-7A46869358B6}.Release|Any CPU.Build.0 = Release|Any CPU
		{32D724D0-4385-4CCA-BA22-7A46869358B6}.Release|x64.ActiveCfg = Release|Any CPU
		{32D724D0-4385-4CCA-BA22-7A46869358B6}.Release|x64.Build.0 = Release|Any CPU
		{32D724D0-4385-4CCA-BA22-7A46869358B6}.Release|x86.ActiveCfg = Release|Any CPU
		{32D724D0-4385-4CCA-BA22-7A46869358B6}.Release|x86.Build.0 = Release|Any CPU
		{7076A965-1E04-451C-9AE9-8EE1BC2AA321}.Debug|Any CPU.ActiveCfg = Debug|Any CPU
		{7076A965-1E04-451C-9AE9-8EE1BC2AA321}.Debug|Any CPU.Build.0 = Debug|Any CPU
		{7076A965-1E04-451C-9AE9-8EE1BC2AA321}.Debug|x64.ActiveCfg = Debug|Any CPU
		{7076A965-1E04-451C-9AE9-8EE1BC2AA321}.Debug|x64.Build.0 = Debug|Any CPU
		{7076A965-1E04-451C-9AE9-8EE1BC2AA321}.Debug|x86.ActiveCfg = Debug|Any CPU
		{7076A965-1E04-451C-9AE9-8EE1BC2AA321}.Debug|x86.Build.0 = Debug|Any CPU
		{7076A965-1E04-451C-9AE9-8EE1BC2AA321}.Release|Any CPU.ActiveCfg = Release|Any CPU
		{7076A965-1E04-451C-9AE9-8EE1BC2AA321}.Release|Any CPU.Build.0 = Release|Any CPU
		{7076A965-1E04-451C-9AE9-8EE1BC2AA321}.Release|x64.ActiveCfg = Release|Any CPU
		{7076A965-1E04-451C-9AE9-8EE1BC2AA321}.Release|x64.Build.0 = Release|Any CPU
		{7076A965-1E04-451C-9AE9-8EE1BC2AA321}.Release|x86.ActiveCfg = Release|Any CPU
		{7076A965-1E04-451C-9AE9-8EE1BC2AA321}.Release|x86.Build.0 = Release|Any CPU
		{BB5B7E7F-7B45-4B3F-8609-1C92334C32E9}.Debug|Any CPU.ActiveCfg = Debug|Any CPU
		{BB5B7E7F-7B45-4B3F-8609-1C92334C32E9}.Debug|Any CPU.Build.0 = Debug|Any CPU
		{BB5B7E7F-7B45-4B3F-8609-1C92334C32E9}.Debug|x64.ActiveCfg = Debug|Any CPU
		{BB5B7E7F-7B45-4B3F-8609-1C92334C32E9}.Debug|x64.Build.0 = Debug|Any CPU
		{BB5B7E7F-7B45-4B3F-8609-1C92334C32E9}.Debug|x86.ActiveCfg = Debug|Any CPU
		{BB5B7E7F-7B45-4B3F-8609-1C92334C32E9}.Debug|x86.Build.0 = Debug|Any CPU
		{BB5B7E7F-7B45-4B3F-8609-1C92334C32E9}.Release|Any CPU.ActiveCfg = Release|Any CPU
		{BB5B7E7F-7B45-4B3F-8609-1C92334C32E9}.Release|Any CPU.Build.0 = Release|Any CPU
		{BB5B7E7F-7B45-4B3F-8609-1C92334C32E9}.Release|x64.ActiveCfg = Release|Any CPU
		{BB5B7E7F-7B45-4B3F-8609-1C92334C32E9}.Release|x64.Build.0 = Release|Any CPU
		{BB5B7E7F-7B45-4B3F-8609-1C92334C32E9}.Release|x86.ActiveCfg = Release|Any CPU
		{BB5B7E7F-7B45-4B3F-8609-1C92334C32E9}.Release|x86.Build.0 = Release|Any CPU
		{92D135B3-D744-434D-AAFF-C99E98730CFC}.Debug|Any CPU.ActiveCfg = Debug|Any CPU
		{92D135B3-D744-434D-AAFF-C99E98730CFC}.Debug|Any CPU.Build.0 = Debug|Any CPU
		{92D135B3-D744-434D-AAFF-C99E98730CFC}.Debug|x64.ActiveCfg = Debug|Any CPU
		{92D135B3-D744-434D-AAFF-C99E98730CFC}.Debug|x64.Build.0 = Debug|Any CPU
		{92D135B3-D744-434D-AAFF-C99E98730CFC}.Debug|x86.ActiveCfg = Debug|Any CPU
		{92D135B3-D744-434D-AAFF-C99E98730CFC}.Debug|x86.Build.0 = Debug|Any CPU
		{92D135B3-D744-434D-AAFF-C99E98730CFC}.Release|Any CPU.ActiveCfg = Release|Any CPU
		{92D135B3-D744-434D-AAFF-C99E98730CFC}.Release|Any CPU.Build.0 = Release|Any CPU
		{92D135B3-D744-434D-AAFF-C99E98730CFC}.Release|x64.ActiveCfg = Release|Any CPU
		{92D135B3-D744-434D-AAFF-C99E98730CFC}.Release|x64.Build.0 = Release|Any CPU
		{92D135B3-D744-434D-AAFF-C99E98730CFC}.Release|x86.ActiveCfg = Release|Any CPU
		{92D135B3-D744-434D-AAFF-C99E98730CFC}.Release|x86.Build.0 = Release|Any CPU
		{ADD954B1-CBC2-4460-964A-45A4D3FC382F}.Debug|Any CPU.ActiveCfg = Debug|Any CPU
		{ADD954B1-CBC2-4460-964A-45A4D3FC382F}.Debug|Any CPU.Build.0 = Debug|Any CPU
		{ADD954B1-CBC2-4460-964A-45A4D3FC382F}.Debug|x64.ActiveCfg = Debug|Any CPU
		{ADD954B1-CBC2-4460-964A-45A4D3FC382F}.Debug|x64.Build.0 = Debug|Any CPU
		{ADD954B1-CBC2-4460-964A-45A4D3FC382F}.Debug|x86.ActiveCfg = Debug|Any CPU
		{ADD954B1-CBC2-4460-964A-45A4D3FC382F}.Debug|x86.Build.0 = Debug|Any CPU
		{ADD954B1-CBC2-4460-964A-45A4D3FC382F}.Release|Any CPU.ActiveCfg = Release|Any CPU
		{ADD954B1-CBC2-4460-964A-45A4D3FC382F}.Release|Any CPU.Build.0 = Release|Any CPU
		{ADD954B1-CBC2-4460-964A-45A4D3FC382F}.Release|x64.ActiveCfg = Release|Any CPU
		{ADD954B1-CBC2-4460-964A-45A4D3FC382F}.Release|x64.Build.0 = Release|Any CPU
		{ADD954B1-CBC2-4460-964A-45A4D3FC382F}.Release|x86.ActiveCfg = Release|Any CPU
		{ADD954B1-CBC2-4460-964A-45A4D3FC382F}.Release|x86.Build.0 = Release|Any CPU
		{AE71B05D-107E-4CCA-918C-BC3CB8F0C483}.Debug|Any CPU.ActiveCfg = Debug|Any CPU
		{AE71B05D-107E-4CCA-918C-BC3CB8F0C483}.Debug|Any CPU.Build.0 = Debug|Any CPU
		{AE71B05D-107E-4CCA-918C-BC3CB8F0C483}.Debug|x64.ActiveCfg = Debug|Any CPU
		{AE71B05D-107E-4CCA-918C-BC3CB8F0C483}.Debug|x64.Build.0 = Debug|Any CPU
		{AE71B05D-107E-4CCA-918C-BC3CB8F0C483}.Debug|x86.ActiveCfg = Debug|Any CPU
		{AE71B05D-107E-4CCA-918C-BC3CB8F0C483}.Debug|x86.Build.0 = Debug|Any CPU
		{AE71B05D-107E-4CCA-918C-BC3CB8F0C483}.Release|Any CPU.ActiveCfg = Release|Any CPU
		{AE71B05D-107E-4CCA-918C-BC3CB8F0C483}.Release|Any CPU.Build.0 = Release|Any CPU
		{AE71B05D-107E-4CCA-918C-BC3CB8F0C483}.Release|x64.ActiveCfg = Release|Any CPU
		{AE71B05D-107E-4CCA-918C-BC3CB8F0C483}.Release|x64.Build.0 = Release|Any CPU
		{AE71B05D-107E-4CCA-918C-BC3CB8F0C483}.Release|x86.ActiveCfg = Release|Any CPU
		{AE71B05D-107E-4CCA-918C-BC3CB8F0C483}.Release|x86.Build.0 = Release|Any CPU
		{72978A5A-E7E6-4A06-912F-D61CD5ED0DEA}.Debug|Any CPU.ActiveCfg = Debug|Any CPU
		{72978A5A-E7E6-4A06-912F-D61CD5ED0DEA}.Debug|Any CPU.Build.0 = Debug|Any CPU
		{72978A5A-E7E6-4A06-912F-D61CD5ED0DEA}.Debug|x64.ActiveCfg = Debug|Any CPU
		{72978A5A-E7E6-4A06-912F-D61CD5ED0DEA}.Debug|x64.Build.0 = Debug|Any CPU
		{72978A5A-E7E6-4A06-912F-D61CD5ED0DEA}.Debug|x86.ActiveCfg = Debug|Any CPU
		{72978A5A-E7E6-4A06-912F-D61CD5ED0DEA}.Debug|x86.Build.0 = Debug|Any CPU
		{72978A5A-E7E6-4A06-912F-D61CD5ED0DEA}.Release|Any CPU.ActiveCfg = Release|Any CPU
		{72978A5A-E7E6-4A06-912F-D61CD5ED0DEA}.Release|Any CPU.Build.0 = Release|Any CPU
		{72978A5A-E7E6-4A06-912F-D61CD5ED0DEA}.Release|x64.ActiveCfg = Release|Any CPU
		{72978A5A-E7E6-4A06-912F-D61CD5ED0DEA}.Release|x64.Build.0 = Release|Any CPU
		{72978A5A-E7E6-4A06-912F-D61CD5ED0DEA}.Release|x86.ActiveCfg = Release|Any CPU
		{72978A5A-E7E6-4A06-912F-D61CD5ED0DEA}.Release|x86.Build.0 = Release|Any CPU
		{76C8D7FC-EC48-448D-94A7-DE383469A9C3}.Debug|Any CPU.ActiveCfg = Debug|Any CPU
		{76C8D7FC-EC48-448D-94A7-DE383469A9C3}.Debug|Any CPU.Build.0 = Debug|Any CPU
		{76C8D7FC-EC48-448D-94A7-DE383469A9C3}.Debug|x64.ActiveCfg = Debug|Any CPU
		{76C8D7FC-EC48-448D-94A7-DE383469A9C3}.Debug|x64.Build.0 = Debug|Any CPU
		{76C8D7FC-EC48-448D-94A7-DE383469A9C3}.Debug|x86.ActiveCfg = Debug|Any CPU
		{76C8D7FC-EC48-448D-94A7-DE383469A9C3}.Debug|x86.Build.0 = Debug|Any CPU
		{76C8D7FC-EC48-448D-94A7-DE383469A9C3}.Release|Any CPU.ActiveCfg = Release|Any CPU
		{76C8D7FC-EC48-448D-94A7-DE383469A9C3}.Release|Any CPU.Build.0 = Release|Any CPU
		{76C8D7FC-EC48-448D-94A7-DE383469A9C3}.Release|x64.ActiveCfg = Release|Any CPU
		{76C8D7FC-EC48-448D-94A7-DE383469A9C3}.Release|x64.Build.0 = Release|Any CPU
		{76C8D7FC-EC48-448D-94A7-DE383469A9C3}.Release|x86.ActiveCfg = Release|Any CPU
		{76C8D7FC-EC48-448D-94A7-DE383469A9C3}.Release|x86.Build.0 = Release|Any CPU
		{3FF9864D-3D39-4519-A8C8-79134976638E}.Debug|Any CPU.ActiveCfg = Debug|Any CPU
		{3FF9864D-3D39-4519-A8C8-79134976638E}.Debug|Any CPU.Build.0 = Debug|Any CPU
		{3FF9864D-3D39-4519-A8C8-79134976638E}.Debug|x64.ActiveCfg = Debug|Any CPU
		{3FF9864D-3D39-4519-A8C8-79134976638E}.Debug|x64.Build.0 = Debug|Any CPU
		{3FF9864D-3D39-4519-A8C8-79134976638E}.Debug|x86.ActiveCfg = Debug|Any CPU
		{3FF9864D-3D39-4519-A8C8-79134976638E}.Debug|x86.Build.0 = Debug|Any CPU
		{3FF9864D-3D39-4519-A8C8-79134976638E}.Release|Any CPU.ActiveCfg = Release|Any CPU
		{3FF9864D-3D39-4519-A8C8-79134976638E}.Release|Any CPU.Build.0 = Release|Any CPU
		{3FF9864D-3D39-4519-A8C8-79134976638E}.Release|x64.ActiveCfg = Release|Any CPU
		{3FF9864D-3D39-4519-A8C8-79134976638E}.Release|x64.Build.0 = Release|Any CPU
		{3FF9864D-3D39-4519-A8C8-79134976638E}.Release|x86.ActiveCfg = Release|Any CPU
		{3FF9864D-3D39-4519-A8C8-79134976638E}.Release|x86.Build.0 = Release|Any CPU
		{74594BD4-0999-4486-ACB6-D9BEAC93CA04}.Debug|Any CPU.ActiveCfg = Debug|Any CPU
		{74594BD4-0999-4486-ACB6-D9BEAC93CA04}.Debug|Any CPU.Build.0 = Debug|Any CPU
		{74594BD4-0999-4486-ACB6-D9BEAC93CA04}.Debug|x64.ActiveCfg = Debug|Any CPU
		{74594BD4-0999-4486-ACB6-D9BEAC93CA04}.Debug|x64.Build.0 = Debug|Any CPU
		{74594BD4-0999-4486-ACB6-D9BEAC93CA04}.Debug|x86.ActiveCfg = Debug|Any CPU
		{74594BD4-0999-4486-ACB6-D9BEAC93CA04}.Debug|x86.Build.0 = Debug|Any CPU
		{74594BD4-0999-4486-ACB6-D9BEAC93CA04}.Release|Any CPU.ActiveCfg = Release|Any CPU
		{74594BD4-0999-4486-ACB6-D9BEAC93CA04}.Release|Any CPU.Build.0 = Release|Any CPU
		{74594BD4-0999-4486-ACB6-D9BEAC93CA04}.Release|x64.ActiveCfg = Release|Any CPU
		{74594BD4-0999-4486-ACB6-D9BEAC93CA04}.Release|x64.Build.0 = Release|Any CPU
		{74594BD4-0999-4486-ACB6-D9BEAC93CA04}.Release|x86.ActiveCfg = Release|Any CPU
		{74594BD4-0999-4486-ACB6-D9BEAC93CA04}.Release|x86.Build.0 = Release|Any CPU
		{5894CC66-9CE5-4491-A08A-29B530F3A164}.Debug|Any CPU.ActiveCfg = Debug|Any CPU
		{5894CC66-9CE5-4491-A08A-29B530F3A164}.Debug|Any CPU.Build.0 = Debug|Any CPU
		{5894CC66-9CE5-4491-A08A-29B530F3A164}.Debug|x64.ActiveCfg = Debug|Any CPU
		{5894CC66-9CE5-4491-A08A-29B530F3A164}.Debug|x64.Build.0 = Debug|Any CPU
		{5894CC66-9CE5-4491-A08A-29B530F3A164}.Debug|x86.ActiveCfg = Debug|Any CPU
		{5894CC66-9CE5-4491-A08A-29B530F3A164}.Debug|x86.Build.0 = Debug|Any CPU
		{5894CC66-9CE5-4491-A08A-29B530F3A164}.Release|Any CPU.ActiveCfg = Release|Any CPU
		{5894CC66-9CE5-4491-A08A-29B530F3A164}.Release|Any CPU.Build.0 = Release|Any CPU
		{5894CC66-9CE5-4491-A08A-29B530F3A164}.Release|x64.ActiveCfg = Release|Any CPU
		{5894CC66-9CE5-4491-A08A-29B530F3A164}.Release|x64.Build.0 = Release|Any CPU
		{5894CC66-9CE5-4491-A08A-29B530F3A164}.Release|x86.ActiveCfg = Release|Any CPU
		{5894CC66-9CE5-4491-A08A-29B530F3A164}.Release|x86.Build.0 = Release|Any CPU
		{14F26A1F-89D6-47EE-B06F-0873DA2C88A3}.Debug|Any CPU.ActiveCfg = Debug|Any CPU
		{14F26A1F-89D6-47EE-B06F-0873DA2C88A3}.Debug|Any CPU.Build.0 = Debug|Any CPU
		{14F26A1F-89D6-47EE-B06F-0873DA2C88A3}.Debug|x64.ActiveCfg = Debug|Any CPU
		{14F26A1F-89D6-47EE-B06F-0873DA2C88A3}.Debug|x64.Build.0 = Debug|Any CPU
		{14F26A1F-89D6-47EE-B06F-0873DA2C88A3}.Debug|x86.ActiveCfg = Debug|Any CPU
		{14F26A1F-89D6-47EE-B06F-0873DA2C88A3}.Debug|x86.Build.0 = Debug|Any CPU
		{14F26A1F-89D6-47EE-B06F-0873DA2C88A3}.Release|Any CPU.ActiveCfg = Release|Any CPU
		{14F26A1F-89D6-47EE-B06F-0873DA2C88A3}.Release|Any CPU.Build.0 = Release|Any CPU
		{14F26A1F-89D6-47EE-B06F-0873DA2C88A3}.Release|x64.ActiveCfg = Release|Any CPU
		{14F26A1F-89D6-47EE-B06F-0873DA2C88A3}.Release|x64.Build.0 = Release|Any CPU
		{14F26A1F-89D6-47EE-B06F-0873DA2C88A3}.Release|x86.ActiveCfg = Release|Any CPU
		{14F26A1F-89D6-47EE-B06F-0873DA2C88A3}.Release|x86.Build.0 = Release|Any CPU
		{E7C7FA67-AF02-4F19-A533-C7CD1F68910A}.Debug|Any CPU.ActiveCfg = Debug|Any CPU
		{E7C7FA67-AF02-4F19-A533-C7CD1F68910A}.Debug|Any CPU.Build.0 = Debug|Any CPU
		{E7C7FA67-AF02-4F19-A533-C7CD1F68910A}.Debug|x64.ActiveCfg = Debug|Any CPU
		{E7C7FA67-AF02-4F19-A533-C7CD1F68910A}.Debug|x64.Build.0 = Debug|Any CPU
		{E7C7FA67-AF02-4F19-A533-C7CD1F68910A}.Debug|x86.ActiveCfg = Debug|Any CPU
		{E7C7FA67-AF02-4F19-A533-C7CD1F68910A}.Debug|x86.Build.0 = Debug|Any CPU
		{E7C7FA67-AF02-4F19-A533-C7CD1F68910A}.Release|Any CPU.ActiveCfg = Release|Any CPU
		{E7C7FA67-AF02-4F19-A533-C7CD1F68910A}.Release|Any CPU.Build.0 = Release|Any CPU
		{E7C7FA67-AF02-4F19-A533-C7CD1F68910A}.Release|x64.ActiveCfg = Release|Any CPU
		{E7C7FA67-AF02-4F19-A533-C7CD1F68910A}.Release|x64.Build.0 = Release|Any CPU
		{E7C7FA67-AF02-4F19-A533-C7CD1F68910A}.Release|x86.ActiveCfg = Release|Any CPU
		{E7C7FA67-AF02-4F19-A533-C7CD1F68910A}.Release|x86.Build.0 = Release|Any CPU
		{34E8D2CA-E5D3-4D84-B2B8-D168C445C3A6}.Debug|Any CPU.ActiveCfg = Debug|Any CPU
		{34E8D2CA-E5D3-4D84-B2B8-D168C445C3A6}.Debug|Any CPU.Build.0 = Debug|Any CPU
		{34E8D2CA-E5D3-4D84-B2B8-D168C445C3A6}.Debug|x64.ActiveCfg = Debug|Any CPU
		{34E8D2CA-E5D3-4D84-B2B8-D168C445C3A6}.Debug|x64.Build.0 = Debug|Any CPU
		{34E8D2CA-E5D3-4D84-B2B8-D168C445C3A6}.Debug|x86.ActiveCfg = Debug|Any CPU
		{34E8D2CA-E5D3-4D84-B2B8-D168C445C3A6}.Debug|x86.Build.0 = Debug|Any CPU
		{34E8D2CA-E5D3-4D84-B2B8-D168C445C3A6}.Release|Any CPU.ActiveCfg = Release|Any CPU
		{34E8D2CA-E5D3-4D84-B2B8-D168C445C3A6}.Release|Any CPU.Build.0 = Release|Any CPU
		{34E8D2CA-E5D3-4D84-B2B8-D168C445C3A6}.Release|x64.ActiveCfg = Release|Any CPU
		{34E8D2CA-E5D3-4D84-B2B8-D168C445C3A6}.Release|x64.Build.0 = Release|Any CPU
		{34E8D2CA-E5D3-4D84-B2B8-D168C445C3A6}.Release|x86.ActiveCfg = Release|Any CPU
		{34E8D2CA-E5D3-4D84-B2B8-D168C445C3A6}.Release|x86.Build.0 = Release|Any CPU
		{05EA3EB8-721C-4169-BC7E-4998DAFA1719}.Debug|Any CPU.ActiveCfg = Debug|Any CPU
		{05EA3EB8-721C-4169-BC7E-4998DAFA1719}.Debug|Any CPU.Build.0 = Debug|Any CPU
		{05EA3EB8-721C-4169-BC7E-4998DAFA1719}.Debug|x64.ActiveCfg = Debug|Any CPU
		{05EA3EB8-721C-4169-BC7E-4998DAFA1719}.Debug|x64.Build.0 = Debug|Any CPU
		{05EA3EB8-721C-4169-BC7E-4998DAFA1719}.Debug|x86.ActiveCfg = Debug|Any CPU
		{05EA3EB8-721C-4169-BC7E-4998DAFA1719}.Debug|x86.Build.0 = Debug|Any CPU
		{05EA3EB8-721C-4169-BC7E-4998DAFA1719}.Release|Any CPU.ActiveCfg = Release|Any CPU
		{05EA3EB8-721C-4169-BC7E-4998DAFA1719}.Release|Any CPU.Build.0 = Release|Any CPU
		{05EA3EB8-721C-4169-BC7E-4998DAFA1719}.Release|x64.ActiveCfg = Release|Any CPU
		{05EA3EB8-721C-4169-BC7E-4998DAFA1719}.Release|x64.Build.0 = Release|Any CPU
		{05EA3EB8-721C-4169-BC7E-4998DAFA1719}.Release|x86.ActiveCfg = Release|Any CPU
		{05EA3EB8-721C-4169-BC7E-4998DAFA1719}.Release|x86.Build.0 = Release|Any CPU
		{00747CA9-B6F1-4CBB-880A-93AA02547EF7}.Debug|Any CPU.ActiveCfg = Debug|Any CPU
		{00747CA9-B6F1-4CBB-880A-93AA02547EF7}.Debug|Any CPU.Build.0 = Debug|Any CPU
		{00747CA9-B6F1-4CBB-880A-93AA02547EF7}.Debug|x64.ActiveCfg = Debug|Any CPU
		{00747CA9-B6F1-4CBB-880A-93AA02547EF7}.Debug|x64.Build.0 = Debug|Any CPU
		{00747CA9-B6F1-4CBB-880A-93AA02547EF7}.Debug|x86.ActiveCfg = Debug|Any CPU
		{00747CA9-B6F1-4CBB-880A-93AA02547EF7}.Debug|x86.Build.0 = Debug|Any CPU
		{00747CA9-B6F1-4CBB-880A-93AA02547EF7}.Release|Any CPU.ActiveCfg = Release|Any CPU
		{00747CA9-B6F1-4CBB-880A-93AA02547EF7}.Release|Any CPU.Build.0 = Release|Any CPU
		{00747CA9-B6F1-4CBB-880A-93AA02547EF7}.Release|x64.ActiveCfg = Release|Any CPU
		{00747CA9-B6F1-4CBB-880A-93AA02547EF7}.Release|x64.Build.0 = Release|Any CPU
		{00747CA9-B6F1-4CBB-880A-93AA02547EF7}.Release|x86.ActiveCfg = Release|Any CPU
		{00747CA9-B6F1-4CBB-880A-93AA02547EF7}.Release|x86.Build.0 = Release|Any CPU
		{F54452DD-2AA5-49DF-85E2-D48337BD9178}.Debug|Any CPU.ActiveCfg = Debug|Any CPU
		{F54452DD-2AA5-49DF-85E2-D48337BD9178}.Debug|Any CPU.Build.0 = Debug|Any CPU
		{F54452DD-2AA5-49DF-85E2-D48337BD9178}.Debug|x64.ActiveCfg = Debug|Any CPU
		{F54452DD-2AA5-49DF-85E2-D48337BD9178}.Debug|x64.Build.0 = Debug|Any CPU
		{F54452DD-2AA5-49DF-85E2-D48337BD9178}.Debug|x86.ActiveCfg = Debug|Any CPU
		{F54452DD-2AA5-49DF-85E2-D48337BD9178}.Debug|x86.Build.0 = Debug|Any CPU
		{F54452DD-2AA5-49DF-85E2-D48337BD9178}.Release|Any CPU.ActiveCfg = Release|Any CPU
		{F54452DD-2AA5-49DF-85E2-D48337BD9178}.Release|Any CPU.Build.0 = Release|Any CPU
		{F54452DD-2AA5-49DF-85E2-D48337BD9178}.Release|x64.ActiveCfg = Release|Any CPU
		{F54452DD-2AA5-49DF-85E2-D48337BD9178}.Release|x64.Build.0 = Release|Any CPU
		{F54452DD-2AA5-49DF-85E2-D48337BD9178}.Release|x86.ActiveCfg = Release|Any CPU
		{F54452DD-2AA5-49DF-85E2-D48337BD9178}.Release|x86.Build.0 = Release|Any CPU
		{089E9A97-87A7-4098-9274-FF14F3B84920}.Debug|Any CPU.ActiveCfg = Debug|Any CPU
		{089E9A97-87A7-4098-9274-FF14F3B84920}.Debug|Any CPU.Build.0 = Debug|Any CPU
		{089E9A97-87A7-4098-9274-FF14F3B84920}.Debug|x64.ActiveCfg = Debug|Any CPU
		{089E9A97-87A7-4098-9274-FF14F3B84920}.Debug|x64.Build.0 = Debug|Any CPU
		{089E9A97-87A7-4098-9274-FF14F3B84920}.Debug|x86.ActiveCfg = Debug|Any CPU
		{089E9A97-87A7-4098-9274-FF14F3B84920}.Debug|x86.Build.0 = Debug|Any CPU
		{089E9A97-87A7-4098-9274-FF14F3B84920}.Release|Any CPU.ActiveCfg = Release|Any CPU
		{089E9A97-87A7-4098-9274-FF14F3B84920}.Release|Any CPU.Build.0 = Release|Any CPU
		{089E9A97-87A7-4098-9274-FF14F3B84920}.Release|x64.ActiveCfg = Release|Any CPU
		{089E9A97-87A7-4098-9274-FF14F3B84920}.Release|x64.Build.0 = Release|Any CPU
		{089E9A97-87A7-4098-9274-FF14F3B84920}.Release|x86.ActiveCfg = Release|Any CPU
		{089E9A97-87A7-4098-9274-FF14F3B84920}.Release|x86.Build.0 = Release|Any CPU
		{60A10B40-B57A-41DF-9A4E-8CB1C4DBFD77}.Debug|Any CPU.ActiveCfg = Debug|Any CPU
		{60A10B40-B57A-41DF-9A4E-8CB1C4DBFD77}.Debug|Any CPU.Build.0 = Debug|Any CPU
		{60A10B40-B57A-41DF-9A4E-8CB1C4DBFD77}.Debug|x64.ActiveCfg = Debug|Any CPU
		{60A10B40-B57A-41DF-9A4E-8CB1C4DBFD77}.Debug|x64.Build.0 = Debug|Any CPU
		{60A10B40-B57A-41DF-9A4E-8CB1C4DBFD77}.Debug|x86.ActiveCfg = Debug|Any CPU
		{60A10B40-B57A-41DF-9A4E-8CB1C4DBFD77}.Debug|x86.Build.0 = Debug|Any CPU
		{60A10B40-B57A-41DF-9A4E-8CB1C4DBFD77}.Release|Any CPU.ActiveCfg = Release|Any CPU
		{60A10B40-B57A-41DF-9A4E-8CB1C4DBFD77}.Release|Any CPU.Build.0 = Release|Any CPU
		{60A10B40-B57A-41DF-9A4E-8CB1C4DBFD77}.Release|x64.ActiveCfg = Release|Any CPU
		{60A10B40-B57A-41DF-9A4E-8CB1C4DBFD77}.Release|x64.Build.0 = Release|Any CPU
		{60A10B40-B57A-41DF-9A4E-8CB1C4DBFD77}.Release|x86.ActiveCfg = Release|Any CPU
		{60A10B40-B57A-41DF-9A4E-8CB1C4DBFD77}.Release|x86.Build.0 = Release|Any CPU
		{8935884F-C087-4938-A3FD-CF5D61176835}.Debug|Any CPU.ActiveCfg = Debug|Any CPU
		{8935884F-C087-4938-A3FD-CF5D61176835}.Debug|Any CPU.Build.0 = Debug|Any CPU
		{8935884F-C087-4938-A3FD-CF5D61176835}.Debug|x64.ActiveCfg = Debug|Any CPU
		{8935884F-C087-4938-A3FD-CF5D61176835}.Debug|x64.Build.0 = Debug|Any CPU
		{8935884F-C087-4938-A3FD-CF5D61176835}.Debug|x86.ActiveCfg = Debug|Any CPU
		{8935884F-C087-4938-A3FD-CF5D61176835}.Debug|x86.Build.0 = Debug|Any CPU
		{8935884F-C087-4938-A3FD-CF5D61176835}.Release|Any CPU.ActiveCfg = Release|Any CPU
		{8935884F-C087-4938-A3FD-CF5D61176835}.Release|Any CPU.Build.0 = Release|Any CPU
		{8935884F-C087-4938-A3FD-CF5D61176835}.Release|x64.ActiveCfg = Release|Any CPU
		{8935884F-C087-4938-A3FD-CF5D61176835}.Release|x64.Build.0 = Release|Any CPU
		{8935884F-C087-4938-A3FD-CF5D61176835}.Release|x86.ActiveCfg = Release|Any CPU
		{8935884F-C087-4938-A3FD-CF5D61176835}.Release|x86.Build.0 = Release|Any CPU
		{7C27C396-2F0F-481F-A7C9-1A7813EE706B}.Debug|Any CPU.ActiveCfg = Debug|Any CPU
		{7C27C396-2F0F-481F-A7C9-1A7813EE706B}.Debug|Any CPU.Build.0 = Debug|Any CPU
		{7C27C396-2F0F-481F-A7C9-1A7813EE706B}.Debug|x64.ActiveCfg = Debug|Any CPU
		{7C27C396-2F0F-481F-A7C9-1A7813EE706B}.Debug|x64.Build.0 = Debug|Any CPU
		{7C27C396-2F0F-481F-A7C9-1A7813EE706B}.Debug|x86.ActiveCfg = Debug|Any CPU
		{7C27C396-2F0F-481F-A7C9-1A7813EE706B}.Debug|x86.Build.0 = Debug|Any CPU
		{7C27C396-2F0F-481F-A7C9-1A7813EE706B}.Release|Any CPU.ActiveCfg = Release|Any CPU
		{7C27C396-2F0F-481F-A7C9-1A7813EE706B}.Release|Any CPU.Build.0 = Release|Any CPU
		{7C27C396-2F0F-481F-A7C9-1A7813EE706B}.Release|x64.ActiveCfg = Release|Any CPU
		{7C27C396-2F0F-481F-A7C9-1A7813EE706B}.Release|x64.Build.0 = Release|Any CPU
		{7C27C396-2F0F-481F-A7C9-1A7813EE706B}.Release|x86.ActiveCfg = Release|Any CPU
		{7C27C396-2F0F-481F-A7C9-1A7813EE706B}.Release|x86.Build.0 = Release|Any CPU
		{479DEA37-3DEE-4016-82BE-4212FB186E13}.Debug|Any CPU.ActiveCfg = Debug|Any CPU
		{479DEA37-3DEE-4016-82BE-4212FB186E13}.Debug|Any CPU.Build.0 = Debug|Any CPU
		{479DEA37-3DEE-4016-82BE-4212FB186E13}.Debug|x64.ActiveCfg = Debug|Any CPU
		{479DEA37-3DEE-4016-82BE-4212FB186E13}.Debug|x64.Build.0 = Debug|Any CPU
		{479DEA37-3DEE-4016-82BE-4212FB186E13}.Debug|x86.ActiveCfg = Debug|Any CPU
		{479DEA37-3DEE-4016-82BE-4212FB186E13}.Debug|x86.Build.0 = Debug|Any CPU
		{479DEA37-3DEE-4016-82BE-4212FB186E13}.Release|Any CPU.ActiveCfg = Release|Any CPU
		{479DEA37-3DEE-4016-82BE-4212FB186E13}.Release|Any CPU.Build.0 = Release|Any CPU
		{479DEA37-3DEE-4016-82BE-4212FB186E13}.Release|x64.ActiveCfg = Release|Any CPU
		{479DEA37-3DEE-4016-82BE-4212FB186E13}.Release|x64.Build.0 = Release|Any CPU
		{479DEA37-3DEE-4016-82BE-4212FB186E13}.Release|x86.ActiveCfg = Release|Any CPU
		{479DEA37-3DEE-4016-82BE-4212FB186E13}.Release|x86.Build.0 = Release|Any CPU
		{DDE82F87-AF93-4FC5-975B-74B92AFBA3B9}.Debug|Any CPU.ActiveCfg = Debug|Any CPU
		{DDE82F87-AF93-4FC5-975B-74B92AFBA3B9}.Debug|Any CPU.Build.0 = Debug|Any CPU
		{DDE82F87-AF93-4FC5-975B-74B92AFBA3B9}.Debug|x64.ActiveCfg = Debug|Any CPU
		{DDE82F87-AF93-4FC5-975B-74B92AFBA3B9}.Debug|x64.Build.0 = Debug|Any CPU
		{DDE82F87-AF93-4FC5-975B-74B92AFBA3B9}.Debug|x86.ActiveCfg = Debug|Any CPU
		{DDE82F87-AF93-4FC5-975B-74B92AFBA3B9}.Debug|x86.Build.0 = Debug|Any CPU
		{DDE82F87-AF93-4FC5-975B-74B92AFBA3B9}.Release|Any CPU.ActiveCfg = Release|Any CPU
		{DDE82F87-AF93-4FC5-975B-74B92AFBA3B9}.Release|Any CPU.Build.0 = Release|Any CPU
		{DDE82F87-AF93-4FC5-975B-74B92AFBA3B9}.Release|x64.ActiveCfg = Release|Any CPU
		{DDE82F87-AF93-4FC5-975B-74B92AFBA3B9}.Release|x64.Build.0 = Release|Any CPU
		{DDE82F87-AF93-4FC5-975B-74B92AFBA3B9}.Release|x86.ActiveCfg = Release|Any CPU
		{DDE82F87-AF93-4FC5-975B-74B92AFBA3B9}.Release|x86.Build.0 = Release|Any CPU
		{6727B2DE-8426-43D5-A804-292B6D335CA9}.Debug|Any CPU.ActiveCfg = Debug|Any CPU
		{6727B2DE-8426-43D5-A804-292B6D335CA9}.Debug|Any CPU.Build.0 = Debug|Any CPU
		{6727B2DE-8426-43D5-A804-292B6D335CA9}.Debug|x64.ActiveCfg = Debug|Any CPU
		{6727B2DE-8426-43D5-A804-292B6D335CA9}.Debug|x64.Build.0 = Debug|Any CPU
		{6727B2DE-8426-43D5-A804-292B6D335CA9}.Debug|x86.ActiveCfg = Debug|Any CPU
		{6727B2DE-8426-43D5-A804-292B6D335CA9}.Debug|x86.Build.0 = Debug|Any CPU
		{6727B2DE-8426-43D5-A804-292B6D335CA9}.Release|Any CPU.ActiveCfg = Release|Any CPU
		{6727B2DE-8426-43D5-A804-292B6D335CA9}.Release|Any CPU.Build.0 = Release|Any CPU
		{6727B2DE-8426-43D5-A804-292B6D335CA9}.Release|x64.ActiveCfg = Release|Any CPU
		{6727B2DE-8426-43D5-A804-292B6D335CA9}.Release|x64.Build.0 = Release|Any CPU
		{6727B2DE-8426-43D5-A804-292B6D335CA9}.Release|x86.ActiveCfg = Release|Any CPU
		{6727B2DE-8426-43D5-A804-292B6D335CA9}.Release|x86.Build.0 = Release|Any CPU
		{D1C7B63D-4E62-4360-8CE3-B20F478EC286}.Debug|Any CPU.ActiveCfg = Debug|Any CPU
		{D1C7B63D-4E62-4360-8CE3-B20F478EC286}.Debug|Any CPU.Build.0 = Debug|Any CPU
		{D1C7B63D-4E62-4360-8CE3-B20F478EC286}.Debug|x64.ActiveCfg = Debug|Any CPU
		{D1C7B63D-4E62-4360-8CE3-B20F478EC286}.Debug|x64.Build.0 = Debug|Any CPU
		{D1C7B63D-4E62-4360-8CE3-B20F478EC286}.Debug|x86.ActiveCfg = Debug|Any CPU
		{D1C7B63D-4E62-4360-8CE3-B20F478EC286}.Debug|x86.Build.0 = Debug|Any CPU
		{D1C7B63D-4E62-4360-8CE3-B20F478EC286}.Release|Any CPU.ActiveCfg = Release|Any CPU
		{D1C7B63D-4E62-4360-8CE3-B20F478EC286}.Release|Any CPU.Build.0 = Release|Any CPU
		{D1C7B63D-4E62-4360-8CE3-B20F478EC286}.Release|x64.ActiveCfg = Release|Any CPU
		{D1C7B63D-4E62-4360-8CE3-B20F478EC286}.Release|x64.Build.0 = Release|Any CPU
		{D1C7B63D-4E62-4360-8CE3-B20F478EC286}.Release|x86.ActiveCfg = Release|Any CPU
		{D1C7B63D-4E62-4360-8CE3-B20F478EC286}.Release|x86.Build.0 = Release|Any CPU
		{8EF26F27-0C1E-4CBA-9322-881B5C90B919}.Debug|Any CPU.ActiveCfg = Debug|Any CPU
		{8EF26F27-0C1E-4CBA-9322-881B5C90B919}.Debug|Any CPU.Build.0 = Debug|Any CPU
		{8EF26F27-0C1E-4CBA-9322-881B5C90B919}.Debug|x64.ActiveCfg = Debug|Any CPU
		{8EF26F27-0C1E-4CBA-9322-881B5C90B919}.Debug|x64.Build.0 = Debug|Any CPU
		{8EF26F27-0C1E-4CBA-9322-881B5C90B919}.Debug|x86.ActiveCfg = Debug|Any CPU
		{8EF26F27-0C1E-4CBA-9322-881B5C90B919}.Debug|x86.Build.0 = Debug|Any CPU
		{8EF26F27-0C1E-4CBA-9322-881B5C90B919}.Release|Any CPU.ActiveCfg = Release|Any CPU
		{8EF26F27-0C1E-4CBA-9322-881B5C90B919}.Release|Any CPU.Build.0 = Release|Any CPU
		{8EF26F27-0C1E-4CBA-9322-881B5C90B919}.Release|x64.ActiveCfg = Release|Any CPU
		{8EF26F27-0C1E-4CBA-9322-881B5C90B919}.Release|x64.Build.0 = Release|Any CPU
		{8EF26F27-0C1E-4CBA-9322-881B5C90B919}.Release|x86.ActiveCfg = Release|Any CPU
		{8EF26F27-0C1E-4CBA-9322-881B5C90B919}.Release|x86.Build.0 = Release|Any CPU
		{D3769B34-E22F-4829-9D98-1146647E03AB}.Debug|Any CPU.ActiveCfg = Debug|Any CPU
		{D3769B34-E22F-4829-9D98-1146647E03AB}.Debug|Any CPU.Build.0 = Debug|Any CPU
		{D3769B34-E22F-4829-9D98-1146647E03AB}.Debug|x64.ActiveCfg = Debug|Any CPU
		{D3769B34-E22F-4829-9D98-1146647E03AB}.Debug|x64.Build.0 = Debug|Any CPU
		{D3769B34-E22F-4829-9D98-1146647E03AB}.Debug|x86.ActiveCfg = Debug|Any CPU
		{D3769B34-E22F-4829-9D98-1146647E03AB}.Debug|x86.Build.0 = Debug|Any CPU
		{D3769B34-E22F-4829-9D98-1146647E03AB}.Release|Any CPU.ActiveCfg = Release|Any CPU
		{D3769B34-E22F-4829-9D98-1146647E03AB}.Release|Any CPU.Build.0 = Release|Any CPU
		{D3769B34-E22F-4829-9D98-1146647E03AB}.Release|x64.ActiveCfg = Release|Any CPU
		{D3769B34-E22F-4829-9D98-1146647E03AB}.Release|x64.Build.0 = Release|Any CPU
		{D3769B34-E22F-4829-9D98-1146647E03AB}.Release|x86.ActiveCfg = Release|Any CPU
		{D3769B34-E22F-4829-9D98-1146647E03AB}.Release|x86.Build.0 = Release|Any CPU
		{42F04422-F886-4D70-8D20-EBA138FF6F15}.Debug|Any CPU.ActiveCfg = Debug|Any CPU
		{42F04422-F886-4D70-8D20-EBA138FF6F15}.Debug|Any CPU.Build.0 = Debug|Any CPU
		{42F04422-F886-4D70-8D20-EBA138FF6F15}.Debug|x64.ActiveCfg = Debug|Any CPU
		{42F04422-F886-4D70-8D20-EBA138FF6F15}.Debug|x64.Build.0 = Debug|Any CPU
		{42F04422-F886-4D70-8D20-EBA138FF6F15}.Debug|x86.ActiveCfg = Debug|Any CPU
		{42F04422-F886-4D70-8D20-EBA138FF6F15}.Debug|x86.Build.0 = Debug|Any CPU
		{42F04422-F886-4D70-8D20-EBA138FF6F15}.Release|Any CPU.ActiveCfg = Release|Any CPU
		{42F04422-F886-4D70-8D20-EBA138FF6F15}.Release|Any CPU.Build.0 = Release|Any CPU
		{42F04422-F886-4D70-8D20-EBA138FF6F15}.Release|x64.ActiveCfg = Release|Any CPU
		{42F04422-F886-4D70-8D20-EBA138FF6F15}.Release|x64.Build.0 = Release|Any CPU
		{42F04422-F886-4D70-8D20-EBA138FF6F15}.Release|x86.ActiveCfg = Release|Any CPU
		{42F04422-F886-4D70-8D20-EBA138FF6F15}.Release|x86.Build.0 = Release|Any CPU
		{20A2CD77-8F19-49D7-8BC8-372D3153B19F}.Debug|Any CPU.ActiveCfg = Debug|Any CPU
		{20A2CD77-8F19-49D7-8BC8-372D3153B19F}.Debug|Any CPU.Build.0 = Debug|Any CPU
		{20A2CD77-8F19-49D7-8BC8-372D3153B19F}.Debug|x64.ActiveCfg = Debug|Any CPU
		{20A2CD77-8F19-49D7-8BC8-372D3153B19F}.Debug|x64.Build.0 = Debug|Any CPU
		{20A2CD77-8F19-49D7-8BC8-372D3153B19F}.Debug|x86.ActiveCfg = Debug|Any CPU
		{20A2CD77-8F19-49D7-8BC8-372D3153B19F}.Debug|x86.Build.0 = Debug|Any CPU
		{20A2CD77-8F19-49D7-8BC8-372D3153B19F}.Release|Any CPU.ActiveCfg = Release|Any CPU
		{20A2CD77-8F19-49D7-8BC8-372D3153B19F}.Release|Any CPU.Build.0 = Release|Any CPU
		{20A2CD77-8F19-49D7-8BC8-372D3153B19F}.Release|x64.ActiveCfg = Release|Any CPU
		{20A2CD77-8F19-49D7-8BC8-372D3153B19F}.Release|x64.Build.0 = Release|Any CPU
		{20A2CD77-8F19-49D7-8BC8-372D3153B19F}.Release|x86.ActiveCfg = Release|Any CPU
		{20A2CD77-8F19-49D7-8BC8-372D3153B19F}.Release|x86.Build.0 = Release|Any CPU
	EndGlobalSection
	GlobalSection(SolutionProperties) = preSolution
		HideSolutionNode = FALSE
	EndGlobalSection
	GlobalSection(NestedProjects) = preSolution
		{85F909CB-8F14-ECC8-BA9D-713D1771907F} = {827E0CD3-B72D-47B6-A68D-7590B98EB39B}
		{C65D9DF8-9F1C-4BAB-A2E4-4B5D6F7DAAA6} = {85F909CB-8F14-ECC8-BA9D-713D1771907F}
		{62376D04-D714-4ECC-A884-7CD97F04C880} = {85F909CB-8F14-ECC8-BA9D-713D1771907F}
		{5C1A11F8-07D5-4060-87F7-839EB01DC197} = {85F909CB-8F14-ECC8-BA9D-713D1771907F}
		{D94A8BF4-0A70-4352-9DA8-DA0ADF318845} = {85F909CB-8F14-ECC8-BA9D-713D1771907F}
		{8904F97D-D172-4F8D-A516-6CD65AD0FDF1} = {85F909CB-8F14-ECC8-BA9D-713D1771907F}
		{615E5FEF-8FA1-4DB6-8FB7-947FD32A7BDD} = {85F909CB-8F14-ECC8-BA9D-713D1771907F}
		{83EC68D6-BEB4-4E21-A62F-5F3F168AE71F} = {85F909CB-8F14-ECC8-BA9D-713D1771907F}
		{9078AD05-41D8-402F-9AD0-2D8513E95F6C} = {85F909CB-8F14-ECC8-BA9D-713D1771907F}
		{E9A63E8C-7DBD-4B55-8CCE-08900D6BCD1B} = {85F909CB-8F14-ECC8-BA9D-713D1771907F}
		{C23BAE68-C412-4C52-8F85-D275DBBEE19A} = {85F909CB-8F14-ECC8-BA9D-713D1771907F}
		{C6F6FE0E-50BD-4E79-8029-58991C086669} = {85F909CB-8F14-ECC8-BA9D-713D1771907F}
		{E918206A-9C86-407F-81BC-5DD3EFAE3F0E} = {85F909CB-8F14-ECC8-BA9D-713D1771907F}
		{1E8EBA6A-BAED-449E-96BC-F3B3C3A1A66E} = {85F909CB-8F14-ECC8-BA9D-713D1771907F}
		{C25F42C6-0665-4A08-8D59-33A90E0E32D5} = {85F909CB-8F14-ECC8-BA9D-713D1771907F}
		{2F9CAEC5-0A76-45F4-B4A8-B9A0A62E504A} = {85F909CB-8F14-ECC8-BA9D-713D1771907F}
		{17B73029-E57F-4ED5-9580-7642BC097ADF} = {85F909CB-8F14-ECC8-BA9D-713D1771907F}
		{C91B8DCC-29F8-4F0A-85EB-1C72F3AB009A} = {85F909CB-8F14-ECC8-BA9D-713D1771907F}
		{0633C142-965C-4145-873E-41525F500A20} = {85F909CB-8F14-ECC8-BA9D-713D1771907F}
		{9048EB7F-3875-A59E-E36B-5BD4C6F2A282} = {827E0CD3-B72D-47B6-A68D-7590B98EB39B}
		{2237C64B-89F1-476B-BD0A-CDE9A0F0F44E} = {9048EB7F-3875-A59E-E36B-5BD4C6F2A282}
		{7B26ED27-CA14-410F-8611-AF9DABE0F8D4} = {9048EB7F-3875-A59E-E36B-5BD4C6F2A282}
		{03997797-E7F5-0643-168D-B8EA7178C2FE} = {827E0CD3-B72D-47B6-A68D-7590B98EB39B}
		{19F7ED06-01B4-4D1E-BC41-11885D38D692} = {03997797-E7F5-0643-168D-B8EA7178C2FE}
		{BE533976-3B3E-30FB-E08A-1FCDFBBA3746} = {0AB3BF05-4346-4AA6-1389-037BE0695223}
		{5A1DAC7C-9BFC-40F9-8926-6E126E00EFDD} = {BE533976-3B3E-30FB-E08A-1FCDFBBA3746}
		{506E702C-3B91-DA71-832B-74A6F301D456} = {0AB3BF05-4346-4AA6-1389-037BE0695223}
		{CF2200E7-0DA9-4121-8C01-148AF27DC1A2} = {506E702C-3B91-DA71-832B-74A6F301D456}
		{3DC0DA02-69B2-8164-029F-3A1815E565B3} = {0AB3BF05-4346-4AA6-1389-037BE0695223}
		{7D8E8579-2F8A-4B2C-8C9E-3233ACBBE3D2} = {3DC0DA02-69B2-8164-029F-3A1815E565B3}
		{7419C5C4-2811-D8C0-4126-EEE8462D12B2} = {0AB3BF05-4346-4AA6-1389-037BE0695223}
		{394282CB-EE48-4055-B4FF-B8803323B0DB} = {7419C5C4-2811-D8C0-4126-EEE8462D12B2}
		{C15419C5-FEE8-CD14-30BC-7090A86CE814} = {0AB3BF05-4346-4AA6-1389-037BE0695223}
		{7EADF3DD-5B2A-44CE-B0F9-7C07BD562E8D} = {C15419C5-FEE8-CD14-30BC-7090A86CE814}
		{EC447DCF-ABFA-6E24-52A5-D7FD48A5C558} = {827E0CD3-B72D-47B6-A68D-7590B98EB39B}
		{B7504168-2F66-9EF4-E8D7-36B98062A6F8} = {EC447DCF-ABFA-6E24-52A5-D7FD48A5C558}
		{640374FC-A4C2-4C6D-8188-41677E754B71} = {B7504168-2F66-9EF4-E8D7-36B98062A6F8}
		{A6575091-38DE-4867-9601-8FCEE1865257} = {B7504168-2F66-9EF4-E8D7-36B98062A6F8}
		{204BA5C8-9CCF-48BA-98AC-CB570D34777D} = {B7504168-2F66-9EF4-E8D7-36B98062A6F8}
		{32D724D0-4385-4CCA-BA22-7A46869358B6} = {B7504168-2F66-9EF4-E8D7-36B98062A6F8}
		{7076A965-1E04-451C-9AE9-8EE1BC2AA321} = {B7504168-2F66-9EF4-E8D7-36B98062A6F8}
		{BB5B7E7F-7B45-4B3F-8609-1C92334C32E9} = {B7504168-2F66-9EF4-E8D7-36B98062A6F8}
		{92D135B3-D744-434D-AAFF-C99E98730CFC} = {B7504168-2F66-9EF4-E8D7-36B98062A6F8}
		{ADD954B1-CBC2-4460-964A-45A4D3FC382F} = {B7504168-2F66-9EF4-E8D7-36B98062A6F8}
		{9D33B82A-A1A6-7C53-70B4-5561525205A3} = {0AB3BF05-4346-4AA6-1389-037BE0695223}
		{AE71B05D-107E-4CCA-918C-BC3CB8F0C483} = {9D33B82A-A1A6-7C53-70B4-5561525205A3}
		{72978A5A-E7E6-4A06-912F-D61CD5ED0DEA} = {9D33B82A-A1A6-7C53-70B4-5561525205A3}
		{76C8D7FC-EC48-448D-94A7-DE383469A9C3} = {9D33B82A-A1A6-7C53-70B4-5561525205A3}
		{3FF9864D-3D39-4519-A8C8-79134976638E} = {9D33B82A-A1A6-7C53-70B4-5561525205A3}
		{74594BD4-0999-4486-ACB6-D9BEAC93CA04} = {9D33B82A-A1A6-7C53-70B4-5561525205A3}
		{5894CC66-9CE5-4491-A08A-29B530F3A164} = {9D33B82A-A1A6-7C53-70B4-5561525205A3}
		{14F26A1F-89D6-47EE-B06F-0873DA2C88A3} = {9D33B82A-A1A6-7C53-70B4-5561525205A3}
		{E7C7FA67-AF02-4F19-A533-C7CD1F68910A} = {9D33B82A-A1A6-7C53-70B4-5561525205A3}
		{34E8D2CA-E5D3-4D84-B2B8-D168C445C3A6} = {0AB3BF05-4346-4AA6-1389-037BE0695223}
		{76F2DB29-A675-758C-7077-8D951E080202} = {EC447DCF-ABFA-6E24-52A5-D7FD48A5C558}
		{05EA3EB8-721C-4169-BC7E-4998DAFA1719} = {76F2DB29-A675-758C-7077-8D951E080202}
		{43865B9C-8080-9971-C9EB-07D21EB590C9} = {EC447DCF-ABFA-6E24-52A5-D7FD48A5C558}
		{00747CA9-B6F1-4CBB-880A-93AA02547EF7} = {43865B9C-8080-9971-C9EB-07D21EB590C9}
		{021AED0E-C5A6-A7D3-EF95-02C414790136} = {EC447DCF-ABFA-6E24-52A5-D7FD48A5C558}
		{F54452DD-2AA5-49DF-85E2-D48337BD9178} = {021AED0E-C5A6-A7D3-EF95-02C414790136}
		{089E9A97-87A7-4098-9274-FF14F3B84920} = {021AED0E-C5A6-A7D3-EF95-02C414790136}
		{60A10B40-B57A-41DF-9A4E-8CB1C4DBFD77} = {021AED0E-C5A6-A7D3-EF95-02C414790136}
		{8935884F-C087-4938-A3FD-CF5D61176835} = {021AED0E-C5A6-A7D3-EF95-02C414790136}
		{1F4A18E9-C4CD-487F-5327-8B75E2178E6B} = {0AB3BF05-4346-4AA6-1389-037BE0695223}
		{7C27C396-2F0F-481F-A7C9-1A7813EE706B} = {1F4A18E9-C4CD-487F-5327-8B75E2178E6B}
		{B03C1DE7-AA57-965B-7EFA-1002DDF7A89A} = {0AB3BF05-4346-4AA6-1389-037BE0695223}
		{479DEA37-3DEE-4016-82BE-4212FB186E13} = {B03C1DE7-AA57-965B-7EFA-1002DDF7A89A}
		{AD543401-B4A7-AC95-DA94-6718F3C81BEB} = {EC447DCF-ABFA-6E24-52A5-D7FD48A5C558}
		{DDE82F87-AF93-4FC5-975B-74B92AFBA3B9} = {AD543401-B4A7-AC95-DA94-6718F3C81BEB}
		{DA0A0FAD-B77D-FDD6-35C5-001386650F99} = {EC447DCF-ABFA-6E24-52A5-D7FD48A5C558}
		{6727B2DE-8426-43D5-A804-292B6D335CA9} = {DA0A0FAD-B77D-FDD6-35C5-001386650F99}
		{EC050FC7-FDAE-998C-CA61-EDD52E017736} = {0AB3BF05-4346-4AA6-1389-037BE0695223}
		{D1C7B63D-4E62-4360-8CE3-B20F478EC286} = {EC050FC7-FDAE-998C-CA61-EDD52E017736}
		{1E7EF36F-5BD6-FF32-373A-2121E3A25458} = {0AB3BF05-4346-4AA6-1389-037BE0695223}
		{8EF26F27-0C1E-4CBA-9322-881B5C90B919} = {1E7EF36F-5BD6-FF32-373A-2121E3A25458}
		{15F57BD7-2FA5-C976-7793-6C7FD7B57FDA} = {0AB3BF05-4346-4AA6-1389-037BE0695223}
		{D3769B34-E22F-4829-9D98-1146647E03AB} = {15F57BD7-2FA5-C976-7793-6C7FD7B57FDA}
		{42F04422-F886-4D70-8D20-EBA138FF6F15} = {0AB3BF05-4346-4AA6-1389-037BE0695223}
		{54D6D45F-265F-FCE9-9F45-D4835ECAD140} = {EC447DCF-ABFA-6E24-52A5-D7FD48A5C558}
		{20A2CD77-8F19-49D7-8BC8-372D3153B19F} = {54D6D45F-265F-FCE9-9F45-D4835ECAD140}
	EndGlobalSection
EndGlobal
